
Microsoft Visual Studio Solution File, Format Version 12.00
# Visual Studio Version 16
VisualStudioVersion = 16.0.28803.202
MinimumVisualStudioVersion = 10.0.40219.1
Project("{9A19103F-16F7-4668-BE54-9A1E7A4F7556}") = "Snoop", "Snoop\Snoop.csproj", "{ACA9A018-ABF3-4C60-995F-99C4777CED71}"
EndProject
Project("{9A19103F-16F7-4668-BE54-9A1E7A4F7556}") = "Snoop.InjectorLauncher", "Snoop.InjectorLauncher\Snoop.InjectorLauncher.csproj", "{ACA9A018-ABF3-4C60-995F-99C4777CED75}"
EndProject
Project("{2150E333-8FDC-42A3-9474-1A3956D46DE8}") = "Solution Items", "Solution Items", "{7D074176-B8A0-4814-87EB-4C4086C6CE60}"
	ProjectSection(SolutionItems) = preProject
		.editorconfig = .editorconfig
		appveyor.yml = appveyor.yml
		Changelog.md = Changelog.md
		Directory.build.props = Directory.build.props
		Directory.build.targets = Directory.build.targets
		Directory.packages.props = Directory.packages.props
		global.json = global.json
		README.md = README.md
		chocolatey\snoop.nuspec = chocolatey\snoop.nuspec
		Snoop.ruleset = Snoop.ruleset
	EndProjectSection
EndProject
Project("{9A19103F-16F7-4668-BE54-9A1E7A4F7556}") = "Snoop.Core", "Snoop.Core\Snoop.Core.csproj", "{883A18A9-A386-4342-AC95-9AFC34913FCA}"
EndProject
Project("{8BC9CEB8-8B4A-11D0-8D11-00A0C91BC942}") = "Snoop.GenericInjector", "Snoop.GenericInjector\Snoop.GenericInjector.vcxproj", "{1E16FD0C-92AA-403D-B949-1F19B96DD3CE}"
EndProject
Project("{2150E333-8FDC-42A3-9474-1A3956D46DE8}") = "Artwork", "Artwork", "{711DC50B-353A-4C9D-A0FE-62738C48A731}"
	ProjectSection(SolutionItems) = preProject
		Artwork\Banner.bmp = Artwork\Banner.bmp
		Artwork\Dialog.bmp = Artwork\Dialog.bmp
		Artwork\Snoop.ico = Artwork\Snoop.ico
		Artwork\snoop.png = Artwork\snoop.png
		Artwork\SnoopCamera.design = Artwork\SnoopCamera.design
	EndProjectSection
EndProject
Project("{9A19103F-16F7-4668-BE54-9A1E7A4F7556}") = "Snoop.Console", "Snoop.Console\Snoop.Console.csproj", "{9CD2ABCD-5DCA-49CA-9B29-8DEEF8DEC38D}"
EndProject
Project("{9A19103F-16F7-4668-BE54-9A1E7A4F7556}") = "_build", ".build\_build.csproj", "{F26BF9F3-A62E-4F0B-B04B-2A8E333FF5FA}"
EndProject
Project("{9A19103F-16F7-4668-BE54-9A1E7A4F7556}") = "Snoop.Core.Tests", "Snoop.Core.Tests\Snoop.Core.Tests.csproj", "{7ABD1C31-D98A-43D8-8420-3498C4B51ED3}"
EndProject
Global
	GlobalSection(SolutionConfigurationPlatforms) = preSolution
		CI_Debug|Any CPU = CI_Debug|Any CPU
		CI_Release|Any CPU = CI_Release|Any CPU
		Debug|Any CPU = Debug|Any CPU
		Release|Any CPU = Release|Any CPU
	EndGlobalSection
	GlobalSection(ProjectConfigurationPlatforms) = postSolution
		{ACA9A018-ABF3-4C60-995F-99C4777CED71}.CI_Debug|Any CPU.ActiveCfg = Debug|Any CPU
		{ACA9A018-ABF3-4C60-995F-99C4777CED71}.CI_Debug|Any CPU.Build.0 = Debug|Any CPU
		{ACA9A018-ABF3-4C60-995F-99C4777CED71}.CI_Release|Any CPU.ActiveCfg = Release|Any CPU
		{ACA9A018-ABF3-4C60-995F-99C4777CED71}.CI_Release|Any CPU.Build.0 = Release|Any CPU
		{ACA9A018-ABF3-4C60-995F-99C4777CED71}.Debug|Any CPU.ActiveCfg = Debug|Any CPU
		{ACA9A018-ABF3-4C60-995F-99C4777CED71}.Debug|Any CPU.Build.0 = Debug|Any CPU
		{ACA9A018-ABF3-4C60-995F-99C4777CED71}.Release|Any CPU.ActiveCfg = Release|Any CPU
		{ACA9A018-ABF3-4C60-995F-99C4777CED71}.Release|Any CPU.Build.0 = Release|Any CPU
		{ACA9A018-ABF3-4C60-995F-99C4777CED75}.CI_Debug|Any CPU.ActiveCfg = Debug|Any CPU
		{ACA9A018-ABF3-4C60-995F-99C4777CED75}.CI_Debug|Any CPU.Build.0 = Debug|Any CPU
		{ACA9A018-ABF3-4C60-995F-99C4777CED75}.CI_Release|Any CPU.ActiveCfg = Release|Any CPU
		{ACA9A018-ABF3-4C60-995F-99C4777CED75}.CI_Release|Any CPU.Build.0 = Release|Any CPU
		{ACA9A018-ABF3-4C60-995F-99C4777CED75}.Debug|Any CPU.ActiveCfg = Debug|Any CPU
		{ACA9A018-ABF3-4C60-995F-99C4777CED75}.Debug|Any CPU.Build.0 = Debug|Any CPU
		{ACA9A018-ABF3-4C60-995F-99C4777CED75}.Release|Any CPU.ActiveCfg = Release|Any CPU
		{ACA9A018-ABF3-4C60-995F-99C4777CED75}.Release|Any CPU.Build.0 = Release|Any CPU
		{883A18A9-A386-4342-AC95-9AFC34913FCA}.CI_Debug|Any CPU.ActiveCfg = Debug|Any CPU
		{883A18A9-A386-4342-AC95-9AFC34913FCA}.CI_Debug|Any CPU.Build.0 = Debug|Any CPU
		{883A18A9-A386-4342-AC95-9AFC34913FCA}.CI_Release|Any CPU.ActiveCfg = Release|Any CPU
		{883A18A9-A386-4342-AC95-9AFC34913FCA}.CI_Release|Any CPU.Build.0 = Release|Any CPU
		{883A18A9-A386-4342-AC95-9AFC34913FCA}.Debug|Any CPU.ActiveCfg = Debug|Any CPU
		{883A18A9-A386-4342-AC95-9AFC34913FCA}.Debug|Any CPU.Build.0 = Debug|Any CPU
		{883A18A9-A386-4342-AC95-9AFC34913FCA}.Release|Any CPU.ActiveCfg = Release|Any CPU
		{883A18A9-A386-4342-AC95-9AFC34913FCA}.Release|Any CPU.Build.0 = Release|Any CPU
		{1E16FD0C-92AA-403D-B949-1F19B96DD3CE}.CI_Debug|Any CPU.ActiveCfg = Debug|Win32
		{1E16FD0C-92AA-403D-B949-1F19B96DD3CE}.CI_Release|Any CPU.ActiveCfg = Release|Win32
		{1E16FD0C-92AA-403D-B949-1F19B96DD3CE}.Debug|Any CPU.ActiveCfg = Debug|Win32
		{1E16FD0C-92AA-403D-B949-1F19B96DD3CE}.Debug|Any CPU.Build.0 = Debug|Win32
		{1E16FD0C-92AA-403D-B949-1F19B96DD3CE}.Release|Any CPU.ActiveCfg = Release|Win32
		{1E16FD0C-92AA-403D-B949-1F19B96DD3CE}.Release|Any CPU.Build.0 = Release|Win32
		{9CD2ABCD-5DCA-49CA-9B29-8DEEF8DEC38D}.CI_Debug|Any CPU.ActiveCfg = Debug|Any CPU
		{9CD2ABCD-5DCA-49CA-9B29-8DEEF8DEC38D}.CI_Debug|Any CPU.Build.0 = Debug|Any CPU
		{9CD2ABCD-5DCA-49CA-9B29-8DEEF8DEC38D}.CI_Release|Any CPU.ActiveCfg = Release|Any CPU
		{9CD2ABCD-5DCA-49CA-9B29-8DEEF8DEC38D}.CI_Release|Any CPU.Build.0 = Release|Any CPU
		{9CD2ABCD-5DCA-49CA-9B29-8DEEF8DEC38D}.Debug|Any CPU.ActiveCfg = Debug|Any CPU
		{9CD2ABCD-5DCA-49CA-9B29-8DEEF8DEC38D}.Debug|Any CPU.Build.0 = Debug|Any CPU
		{9CD2ABCD-5DCA-49CA-9B29-8DEEF8DEC38D}.Release|Any CPU.ActiveCfg = Release|Any CPU
		{9CD2ABCD-5DCA-49CA-9B29-8DEEF8DEC38D}.Release|Any CPU.Build.0 = Release|Any CPU
		{F26BF9F3-A62E-4F0B-B04B-2A8E333FF5FA}.CI_Debug|Any CPU.ActiveCfg = Debug|Any CPU
		{F26BF9F3-A62E-4F0B-B04B-2A8E333FF5FA}.CI_Release|Any CPU.ActiveCfg = Release|Any CPU
		{F26BF9F3-A62E-4F0B-B04B-2A8E333FF5FA}.Debug|Any CPU.ActiveCfg = Debug|Any CPU
		{F26BF9F3-A62E-4F0B-B04B-2A8E333FF5FA}.Release|Any CPU.ActiveCfg = Release|Any CPU
		{7ABD1C31-D98A-43D8-8420-3498C4B51ED3}.CI_Debug|Any CPU.ActiveCfg = Debug|Any CPU
		{7ABD1C31-D98A-43D8-8420-3498C4B51ED3}.CI_Debug|Any CPU.Build.0 = Debug|Any CPU
		{7ABD1C31-D98A-43D8-8420-3498C4B51ED3}.CI_Release|Any CPU.ActiveCfg = Release|Any CPU
		{7ABD1C31-D98A-43D8-8420-3498C4B51ED3}.CI_Release|Any CPU.Build.0 = Release|Any CPU
		{7ABD1C31-D98A-43D8-8420-3498C4B51ED3}.Debug|Any CPU.ActiveCfg = Debug|Any CPU
		{7ABD1C31-D98A-43D8-8420-3498C4B51ED3}.Debug|Any CPU.Build.0 = Debug|Any CPU
		{7ABD1C31-D98A-43D8-8420-3498C4B51ED3}.Release|Any CPU.ActiveCfg = Release|Any CPU
		{7ABD1C31-D98A-43D8-8420-3498C4B51ED3}.Release|Any CPU.Build.0 = Release|Any CPU
	EndGlobalSection
	GlobalSection(SolutionProperties) = preSolution
		HideSolutionNode = FALSE
	EndGlobalSection
	GlobalSection(ExtensibilityGlobals) = postSolution
		SolutionGuid = {F8E09F8F-9250-46F3-B17D-66C71921760D}
	EndGlobalSection
EndGlobal
