
Microsoft Visual Studio Solution File, Format Version 12.00
# Visual Studio 2013
VisualStudioVersion = 12.0.30501.0
MinimumVisualStudioVersion = 10.0.40219.1
Project("{FAE04EC0-301F-11D3-BF4B-00C04F79EFBC}") = "Snoop", "Snoop\Snoop.csproj", "{6ADE40E1-7624-475C-80C5-9883AA4712EF}"
	ProjectSection(ProjectDependencies) = postProject
		{21E131D3-760F-4E93-8BDD-502591BD1F97} = {21E131D3-760F-4E93-8BDD-502591BD1F97}
	EndProjectSection
EndProject
Project("{FAE04EC0-301F-11D3-BF4B-00C04F79EFBC}") = "ManagedInjectorLauncher64-4.0", "ManagedInjectorLauncher\ManagedInjectorLauncher64-4.0.csproj", "{21E131D3-760F-4E93-8BDD-502591BD1F97}"
EndProject
Project("{8BC9CEB8-8B4A-11D0-8D11-00A0C91BC942}") = "ManagedInjector64-4.0", "ManagedInjector\ManagedInjector64-4.0.vcxproj", "{A27C8B34-2527-4258-8C07-D2720C576B90}"
EndProject
Global
	GlobalSection(SolutionConfigurationPlatforms) = preSolution
		Debug|Mixed Platforms = Debug|Mixed Platforms
		Release|Mixed Platforms = Release|Mixed Platforms
	EndGlobalSection
	GlobalSection(ProjectConfigurationPlatforms) = postSolution
		{6ADE40E1-7624-475C-80C5-9883AA4712EF}.Debug|Mixed Platforms.ActiveCfg = Debug|Any CPU
		{6ADE40E1-7624-475C-80C5-9883AA4712EF}.Debug|Mixed Platforms.Build.0 = Debug|Any CPU
		{6ADE40E1-7624-475C-80C5-9883AA4712EF}.Release|Mixed Platforms.ActiveCfg = Release|Any CPU
		{6ADE40E1-7624-475C-80C5-9883AA4712EF}.Release|Mixed Platforms.Build.0 = Release|Any CPU
		{21E131D3-760F-4E93-8BDD-502591BD1F97}.Debug|Mixed Platforms.ActiveCfg = Debug|x64
		{21E131D3-760F-4E93-8BDD-502591BD1F97}.Debug|Mixed Platforms.Build.0 = Debug|x64
		{21E131D3-760F-4E93-8BDD-502591BD1F97}.Release|Mixed Platforms.ActiveCfg = Release|x64
		{21E131D3-760F-4E93-8BDD-502591BD1F97}.Release|Mixed Platforms.Build.0 = Release|x64
		{A27C8B34-2527-4258-8C07-D2720C576B90}.Debug|Mixed Platforms.ActiveCfg = Debug|x64
		{A27C8B34-2527-4258-8C07-D2720C576B90}.Debug|Mixed Platforms.Build.0 = Debug|x64
		{A27C8B34-2527-4258-8C07-D2720C576B90}.Release|Mixed Platforms.ActiveCfg = Release|x64
		{A27C8B34-2527-4258-8C07-D2720C576B90}.Release|Mixed Platforms.Build.0 = Release|x64
	EndGlobalSection
	GlobalSection(SolutionProperties) = preSolution
		HideSolutionNode = FALSE
	EndGlobalSection
EndGlobal
