
Microsoft Visual Studio Solution File, Format Version 11.00
# Visual Studio 2010
Project("{FAE04EC0-301F-11D3-BF4B-00C04F79EFBC}") = "BasicTestHarness", "BasicTestHarness\BasicTestHarness.csproj", "{64812FFE-93C4-4E74-8EAF-ECE82C7331FA}"
EndProject
Project("{FAE04EC0-301F-11D3-BF4B-00C04F79EFBC}") = "DepthReducer", "DepthReducer\DepthReducer.csproj", "{AB81D171-A776-42F4-83C5-20ADB4927FA2}"
EndProject
Project("{FAE04EC0-301F-11D3-BF4B-00C04F79EFBC}") = "InvisibleOwnerWindowIssue", "InvisibleOwnerWindowIssue\InvisibleOwnerWindowIssue.csproj", "{4B964EFB-099E-4C53-99CA-A779AA57477E}"
EndProject
Project("{FAE04EC0-301F-11D3-BF4B-00C04F79EFBC}") = "NoMainWindowForApp", "NoMainWindowForApp\NoMainWindowForApp.csproj", "{3B32E230-F7D5-4D71-AE9C-680800359EC0}"
EndProject
Project("{FAE04EC0-301F-11D3-BF4B-00C04F79EFBC}") = "WhiteForegroundIssue", "WhiteForegroundIssue\WhiteForegroundIssue.csproj", "{65E7541A-B1A7-4C90-8EDF-022CB9B800DE}"
EndProject
Project("{FAE04EC0-301F-11D3-BF4B-00C04F79EFBC}") = "WindowsFormsToWPFInterop", "WindowsFormsToWPFInterop\WindowsFormsToWPFInterop.csproj", "{5B73FBB9-BA20-4ED7-BA54-52C49EE37C00}"
EndProject
Project("{2150E333-8FDC-42A3-9474-1A3956D46DE8}") = "Win32ToWPFInterop", "Win32ToWPFInterop", "{7628E8D4-96A6-4BED-AC77-4A3FBC7A29FF}"
EndProject
Project("{8BC9CEB8-8B4A-11D0-8D11-00A0C91BC942}") = "win32clock", "Win32ToWPFInterop\Win32Clock\win32clock.vcxproj", "{8625A303-646D-4D87-BC14-29CD4D079CD9}"
EndProject
Project("{FAE04EC0-301F-11D3-BF4B-00C04F79EFBC}") = "WpfClock", "Win32ToWPFInterop\WPFClock\WpfClock.csproj", "{A447BFAE-E087-463A-ABAF-2C6F01CB775E}"
EndProject
Global
	GlobalSection(TeamFoundationVersionControl) = preSolution
		SccNumberOfProjects = 9
		SccEnterpriseProvider = {4CA58AB2-18FA-4F8D-95D4-32DDF27D184C}
		SccTeamFoundationServer = https://tfs.codeplex.com/tfs/tfs09
		SccProjectUniqueName0 = BasicTestHarness\\BasicTestHarness.csproj
		SccProjectName0 = BasicTestHarness
		SccLocalPath0 = BasicTestHarness
		SccProjectUniqueName1 = DepthReducer\\DepthReducer.csproj
		SccProjectName1 = DepthReducer
		SccLocalPath1 = DepthReducer
		SccProjectUniqueName2 = InvisibleOwnerWindowIssue\\InvisibleOwnerWindowIssue.csproj
		SccProjectName2 = InvisibleOwnerWindowIssue
		SccLocalPath2 = InvisibleOwnerWindowIssue
		SccProjectUniqueName3 = NoMainWindowForApp\\NoMainWindowForApp.csproj
		SccProjectName3 = NoMainWindowForApp
		SccLocalPath3 = NoMainWindowForApp
		SccProjectUniqueName4 = WhiteForegroundIssue\\WhiteForegroundIssue.csproj
		SccProjectName4 = WhiteForegroundIssue
		SccLocalPath4 = WhiteForegroundIssue
		SccProjectUniqueName5 = WindowsFormsToWPFInterop\\WindowsFormsToWPFInterop.csproj
		SccProjectName5 = WindowsFormsToWPFInterop
		SccLocalPath5 = WindowsFormsToWPFInterop
		SccLocalPath6 = .
		SccProjectUniqueName7 = Win32ToWPFInterop\\Win32Clock\\win32clock.vcxproj
		SccProjectTopLevelParentUniqueName7 = Snoop\u0020TestHarnesses.sln
		SccProjectName7 = Win32ToWPFInterop/Win32Clock
		SccLocalPath7 = Win32ToWPFInterop\\Win32Clock
		SccProjectUniqueName8 = Win32ToWPFInterop\\WPFClock\\WpfClock.csproj
		SccProjectTopLevelParentUniqueName8 = Snoop\u0020TestHarnesses.sln
		SccProjectName8 = Win32ToWPFInterop/WPFClock
		SccLocalPath8 = Win32ToWPFInterop\\WPFClock
	EndGlobalSection
	GlobalSection(SolutionConfigurationPlatforms) = preSolution
		Debug|Any CPU = Debug|Any CPU
		Debug|Win32 = Debug|Win32
		Debug|x64 = Debug|x64
		Debug|x86 = Debug|x86
		Release|Any CPU = Release|Any CPU
		Release|Win32 = Release|Win32
		Release|x64 = Release|x64
		Release|x86 = Release|x86
	EndGlobalSection
	GlobalSection(ProjectConfigurationPlatforms) = postSolution
		{64812FFE-93C4-4E74-8EAF-ECE82C7331FA}.Debug|Any CPU.ActiveCfg = Debug|Any CPU
		{64812FFE-93C4-4E74-8EAF-ECE82C7331FA}.Debug|Any CPU.Build.0 = Debug|Any CPU
		{64812FFE-93C4-4E74-8EAF-ECE82C7331FA}.Debug|Win32.ActiveCfg = Debug|Any CPU
		{64812FFE-93C4-4E74-8EAF-ECE82C7331FA}.Debug|x64.ActiveCfg = Debug|x64
		{64812FFE-93C4-4E74-8EAF-ECE82C7331FA}.Debug|x64.Build.0 = Debug|x64
		{64812FFE-93C4-4E74-8EAF-ECE82C7331FA}.Debug|x86.ActiveCfg = Debug|x86
		{64812FFE-93C4-4E74-8EAF-ECE82C7331FA}.Debug|x86.Build.0 = Debug|x86
		{64812FFE-93C4-4E74-8EAF-ECE82C7331FA}.Release|Any CPU.ActiveCfg = Release|Any CPU
		{64812FFE-93C4-4E74-8EAF-ECE82C7331FA}.Release|Any CPU.Build.0 = Release|Any CPU
		{64812FFE-93C4-4E74-8EAF-ECE82C7331FA}.Release|Win32.ActiveCfg = Release|Any CPU
		{64812FFE-93C4-4E74-8EAF-ECE82C7331FA}.Release|x64.ActiveCfg = Release|x64
		{64812FFE-93C4-4E74-8EAF-ECE82C7331FA}.Release|x64.Build.0 = Release|x64
		{64812FFE-93C4-4E74-8EAF-ECE82C7331FA}.Release|x86.ActiveCfg = Release|x86
		{64812FFE-93C4-4E74-8EAF-ECE82C7331FA}.Release|x86.Build.0 = Release|x86
		{AB81D171-A776-42F4-83C5-20ADB4927FA2}.Debug|Any CPU.ActiveCfg = Debug|Any CPU
		{AB81D171-A776-42F4-83C5-20ADB4927FA2}.Debug|Any CPU.Build.0 = Debug|Any CPU
		{AB81D171-A776-42F4-83C5-20ADB4927FA2}.Debug|Win32.ActiveCfg = Debug|Any CPU
		{AB81D171-A776-42F4-83C5-20ADB4927FA2}.Debug|x64.ActiveCfg = Debug|x64
		{AB81D171-A776-42F4-83C5-20ADB4927FA2}.Debug|x64.Build.0 = Debug|x64
		{AB81D171-A776-42F4-83C5-20ADB4927FA2}.Debug|x86.ActiveCfg = Debug|x86
		{AB81D171-A776-42F4-83C5-20ADB4927FA2}.Debug|x86.Build.0 = Debug|x86
		{AB81D171-A776-42F4-83C5-20ADB4927FA2}.Release|Any CPU.ActiveCfg = Release|Any CPU
		{AB81D171-A776-42F4-83C5-20ADB4927FA2}.Release|Any CPU.Build.0 = Release|Any CPU
		{AB81D171-A776-42F4-83C5-20ADB4927FA2}.Release|Win32.ActiveCfg = Release|Any CPU
		{AB81D171-A776-42F4-83C5-20ADB4927FA2}.Release|x64.ActiveCfg = Release|x64
		{AB81D171-A776-42F4-83C5-20ADB4927FA2}.Release|x64.Build.0 = Release|x64
		{AB81D171-A776-42F4-83C5-20ADB4927FA2}.Release|x86.ActiveCfg = Release|x86
		{AB81D171-A776-42F4-83C5-20ADB4927FA2}.Release|x86.Build.0 = Release|x86
		{4B964EFB-099E-4C53-99CA-A779AA57477E}.Debug|Any CPU.ActiveCfg = Debug|Any CPU
		{4B964EFB-099E-4C53-99CA-A779AA57477E}.Debug|Any CPU.Build.0 = Debug|Any CPU
		{4B964EFB-099E-4C53-99CA-A779AA57477E}.Debug|Win32.ActiveCfg = Debug|Any CPU
		{4B964EFB-099E-4C53-99CA-A779AA57477E}.Debug|x64.ActiveCfg = Debug|x64
		{4B964EFB-099E-4C53-99CA-A779AA57477E}.Debug|x64.Build.0 = Debug|x64
		{4B964EFB-099E-4C53-99CA-A779AA57477E}.Debug|x86.ActiveCfg = Debug|x86
		{4B964EFB-099E-4C53-99CA-A779AA57477E}.Debug|x86.Build.0 = Debug|x86
		{4B964EFB-099E-4C53-99CA-A779AA57477E}.Release|Any CPU.ActiveCfg = Release|Any CPU
		{4B964EFB-099E-4C53-99CA-A779AA57477E}.Release|Any CPU.Build.0 = Release|Any CPU
		{4B964EFB-099E-4C53-99CA-A779AA57477E}.Release|Win32.ActiveCfg = Release|Any CPU
		{4B964EFB-099E-4C53-99CA-A779AA57477E}.Release|x64.ActiveCfg = Release|x64
		{4B964EFB-099E-4C53-99CA-A779AA57477E}.Release|x64.Build.0 = Release|x64
		{4B964EFB-099E-4C53-99CA-A779AA57477E}.Release|x86.ActiveCfg = Release|x86
		{4B964EFB-099E-4C53-99CA-A779AA57477E}.Release|x86.Build.0 = Release|x86
		{3B32E230-F7D5-4D71-AE9C-680800359EC0}.Debug|Any CPU.ActiveCfg = Debug|Any CPU
		{3B32E230-F7D5-4D71-AE9C-680800359EC0}.Debug|Any CPU.Build.0 = Debug|Any CPU
		{3B32E230-F7D5-4D71-AE9C-680800359EC0}.Debug|Win32.ActiveCfg = Debug|Any CPU
		{3B32E230-F7D5-4D71-AE9C-680800359EC0}.Debug|x64.ActiveCfg = Debug|x64
		{3B32E230-F7D5-4D71-AE9C-680800359EC0}.Debug|x64.Build.0 = Debug|x64
		{3B32E230-F7D5-4D71-AE9C-680800359EC0}.Debug|x86.ActiveCfg = Debug|x86
		{3B32E230-F7D5-4D71-AE9C-680800359EC0}.Debug|x86.Build.0 = Debug|x86
		{3B32E230-F7D5-4D71-AE9C-680800359EC0}.Release|Any CPU.ActiveCfg = Release|Any CPU
		{3B32E230-F7D5-4D71-AE9C-680800359EC0}.Release|Any CPU.Build.0 = Release|Any CPU
		{3B32E230-F7D5-4D71-AE9C-680800359EC0}.Release|Win32.ActiveCfg = Release|Any CPU
		{3B32E230-F7D5-4D71-AE9C-680800359EC0}.Release|x64.ActiveCfg = Release|x64
		{3B32E230-F7D5-4D71-AE9C-680800359EC0}.Release|x64.Build.0 = Release|x64
		{3B32E230-F7D5-4D71-AE9C-680800359EC0}.Release|x86.ActiveCfg = Release|x86
		{3B32E230-F7D5-4D71-AE9C-680800359EC0}.Release|x86.Build.0 = Release|x86
		{65E7541A-B1A7-4C90-8EDF-022CB9B800DE}.Debug|Any CPU.ActiveCfg = Debug|Any CPU
		{65E7541A-B1A7-4C90-8EDF-022CB9B800DE}.Debug|Any CPU.Build.0 = Debug|Any CPU
		{65E7541A-B1A7-4C90-8EDF-022CB9B800DE}.Debug|Win32.ActiveCfg = Debug|Any CPU
		{65E7541A-B1A7-4C90-8EDF-022CB9B800DE}.Debug|x64.ActiveCfg = Debug|x64
		{65E7541A-B1A7-4C90-8EDF-022CB9B800DE}.Debug|x64.Build.0 = Debug|x64
		{65E7541A-B1A7-4C90-8EDF-022CB9B800DE}.Debug|x86.ActiveCfg = Debug|x86
		{65E7541A-B1A7-4C90-8EDF-022CB9B800DE}.Debug|x86.Build.0 = Debug|x86
		{65E7541A-B1A7-4C90-8EDF-022CB9B800DE}.Release|Any CPU.ActiveCfg = Release|Any CPU
		{65E7541A-B1A7-4C90-8EDF-022CB9B800DE}.Release|Any CPU.Build.0 = Release|Any CPU
		{65E7541A-B1A7-4C90-8EDF-022CB9B800DE}.Release|Win32.ActiveCfg = Release|Any CPU
		{65E7541A-B1A7-4C90-8EDF-022CB9B800DE}.Release|x64.ActiveCfg = Release|x64
		{65E7541A-B1A7-4C90-8EDF-022CB9B800DE}.Release|x64.Build.0 = Release|x64
		{65E7541A-B1A7-4C90-8EDF-022CB9B800DE}.Release|x86.ActiveCfg = Release|x86
		{65E7541A-B1A7-4C90-8EDF-022CB9B800DE}.Release|x86.Build.0 = Release|x86
		{5B73FBB9-BA20-4ED7-BA54-52C49EE37C00}.Debug|Any CPU.ActiveCfg = Debug|Any CPU
		{5B73FBB9-BA20-4ED7-BA54-52C49EE37C00}.Debug|Any CPU.Build.0 = Debug|Any CPU
		{5B73FBB9-BA20-4ED7-BA54-52C49EE37C00}.Debug|Win32.ActiveCfg = Debug|Any CPU
		{5B73FBB9-BA20-4ED7-BA54-52C49EE37C00}.Debug|x64.ActiveCfg = Debug|x64
		{5B73FBB9-BA20-4ED7-BA54-52C49EE37C00}.Debug|x64.Build.0 = Debug|x64
		{5B73FBB9-BA20-4ED7-BA54-52C49EE37C00}.Debug|x86.ActiveCfg = Debug|x86
		{5B73FBB9-BA20-4ED7-BA54-52C49EE37C00}.Debug|x86.Build.0 = Debug|x86
		{5B73FBB9-BA20-4ED7-BA54-52C49EE37C00}.Release|Any CPU.ActiveCfg = Release|Any CPU
		{5B73FBB9-BA20-4ED7-BA54-52C49EE37C00}.Release|Any CPU.Build.0 = Release|Any CPU
		{5B73FBB9-BA20-4ED7-BA54-52C49EE37C00}.Release|Win32.ActiveCfg = Release|Any CPU
		{5B73FBB9-BA20-4ED7-BA54-52C49EE37C00}.Release|x64.ActiveCfg = Release|x64
		{5B73FBB9-BA20-4ED7-BA54-52C49EE37C00}.Release|x64.Build.0 = Release|x64
		{5B73FBB9-BA20-4ED7-BA54-52C49EE37C00}.Release|x86.ActiveCfg = Release|x86
		{5B73FBB9-BA20-4ED7-BA54-52C49EE37C00}.Release|x86.Build.0 = Release|x86
		{8625A303-646D-4D87-BC14-29CD4D079CD9}.Debug|Any CPU.ActiveCfg = Debug|x64
		{8625A303-646D-4D87-BC14-29CD4D079CD9}.Debug|Win32.ActiveCfg = Debug|Win32
		{8625A303-646D-4D87-BC14-29CD4D079CD9}.Debug|Win32.Build.0 = Debug|Win32
		{8625A303-646D-4D87-BC14-29CD4D079CD9}.Debug|x64.ActiveCfg = Debug|x64
		{8625A303-646D-4D87-BC14-29CD4D079CD9}.Debug|x64.Build.0 = Debug|x64
		{8625A303-646D-4D87-BC14-29CD4D079CD9}.Debug|x86.ActiveCfg = Debug|x64
		{8625A303-646D-4D87-BC14-29CD4D079CD9}.Release|Any CPU.ActiveCfg = Release|x64
		{8625A303-646D-4D87-BC14-29CD4D079CD9}.Release|Win32.ActiveCfg = Release|Win32
		{8625A303-646D-4D87-BC14-29CD4D079CD9}.Release|Win32.Build.0 = Release|Win32
		{8625A303-646D-4D87-BC14-29CD4D079CD9}.Release|x64.ActiveCfg = Release|x64
		{8625A303-646D-4D87-BC14-29CD4D079CD9}.Release|x64.Build.0 = Release|x64
		{8625A303-646D-4D87-BC14-29CD4D079CD9}.Release|x86.ActiveCfg = Release|x64
		{A447BFAE-E087-463A-ABAF-2C6F01CB775E}.Debug|Any CPU.ActiveCfg = Debug|Any CPU
		{A447BFAE-E087-463A-ABAF-2C6F01CB775E}.Debug|Any CPU.Build.0 = Debug|Any CPU
		{A447BFAE-E087-463A-ABAF-2C6F01CB775E}.Debug|Win32.ActiveCfg = Debug|Any CPU
		{A447BFAE-E087-463A-ABAF-2C6F01CB775E}.Debug|x64.ActiveCfg = Debug|x64
		{A447BFAE-E087-463A-ABAF-2C6F01CB775E}.Debug|x64.Build.0 = Debug|x64
		{A447BFAE-E087-463A-ABAF-2C6F01CB775E}.Debug|x86.ActiveCfg = Debug|x86
		{A447BFAE-E087-463A-ABAF-2C6F01CB775E}.Debug|x86.Build.0 = Debug|x86
		{A447BFAE-E087-463A-ABAF-2C6F01CB775E}.Release|Any CPU.ActiveCfg = Release|Any CPU
		{A447BFAE-E087-463A-ABAF-2C6F01CB775E}.Release|Any CPU.Build.0 = Release|Any CPU
		{A447BFAE-E087-463A-ABAF-2C6F01CB775E}.Release|Win32.ActiveCfg = Release|Any CPU
		{A447BFAE-E087-463A-ABAF-2C6F01CB775E}.Release|x64.ActiveCfg = Release|x64
		{A447BFAE-E087-463A-ABAF-2C6F01CB775E}.Release|x64.Build.0 = Release|x64
		{A447BFAE-E087-463A-ABAF-2C6F01CB775E}.Release|x86.ActiveCfg = Release|x86
		{A447BFAE-E087-463A-ABAF-2C6F01CB775E}.Release|x86.Build.0 = Release|x86
	EndGlobalSection
	GlobalSection(SolutionProperties) = preSolution
		HideSolutionNode = FALSE
	EndGlobalSection
	GlobalSection(NestedProjects) = preSolution
		{8625A303-646D-4D87-BC14-29CD4D079CD9} = {7628E8D4-96A6-4BED-AC77-4A3FBC7A29FF}
		{A447BFAE-E087-463A-ABAF-2C6F01CB775E} = {7628E8D4-96A6-4BED-AC77-4A3FBC7A29FF}
	EndGlobalSection
EndGlobal
