
Microsoft Visual Studio Solution File, Format Version 10.00
# Visual Studio 2008
Project("{FAE04EC0-301F-11D3-BF4B-00C04F79EFBC}") = "Snoop", "Snoop\Snoop.csproj", "{6ADE40E1-7624-475C-80C5-9883AA4712EF}"
EndProject
Project("{8BC9CEB8-8B4A-11D0-8D11-00A0C91BC942}") = "ManagedInjector", "ManagedInjector\ManagedInjector.vcproj", "{C29817A9-3696-421D-89BD-F66681657C37}"
EndProject
Project("{54435603-DBB4-11D2-8724-00A0C9A8B90C}") = "Installer_x86", "Installer\Installer.vdproj", "{A2B1B889-F28D-4BC3-B1B3-3EF3A325E05B}"
EndProject
Project("{54435603-DBB4-11D2-8724-00A0C9A8B90C}") = "Installer_x64", "Installer_x64\Installer_x64.vdproj", "{4DC27FBE-532D-420A-BA80-53ADA37635BE}"
EndProject
Project("{2150E333-8FDC-42A3-9474-1A3956D46DE8}") = "TestHarnesses", "TestHarnesses", "{BB8D54DB-52E9-4757-BDC5-760C6426FCDC}"
EndProject
Project("{FAE04EC0-301F-11D3-BF4B-00C04F79EFBC}") = "WhiteForegroundIssue", "TestHarnesses\WhiteForegroundIssue\WhiteForegroundIssue.csproj", "{1296CCA0-673F-434D-BC2C-8C4718EB57B6}"
EndProject
Project("{FAE04EC0-301F-11D3-BF4B-00C04F79EFBC}") = "InvisibleOwnerWindowIssue", "TestHarnesses\InvisibleOwnerWindowIssue\InvisibleOwnerWindowIssue.csproj", "{23C695A9-F79F-454A-9A00-2897DBAF2933}"
EndProject
Project("{FAE04EC0-301F-11D3-BF4B-00C04F79EFBC}") = "WindowsFormsToWPFInterop", "TestHarnesses\WindowsFormsToWPFInterop\WindowsFormsToWPFInterop.csproj", "{232FA543-BF42-4C4F-8EFC-4A99EE374AED}"
EndProject
Project("{2150E333-8FDC-42A3-9474-1A3956D46DE8}") = "Win32ToWPFInterop", "Win32ToWPFInterop", "{6EBA5155-C683-4AF0-9D83-136653BA93D4}"
EndProject
Project("{8BC9CEB8-8B4A-11D0-8D11-00A0C91BC942}") = "win32clock", "TestHarnesses\Win32ToWPFInterop\win32clock\win32clock.vcproj", "{8625A303-646D-4D87-BC14-29CD4D079CD9}"
	ProjectSection(ProjectDependencies) = postProject
		{2EBE7CF7-6A70-4770-9F65-4937F36C265F} = {2EBE7CF7-6A70-4770-9F65-4937F36C265F}
	EndProjectSection
EndProject
Project("{FAE04EC0-301F-11D3-BF4B-00C04F79EFBC}") = "WPFClock", "TestHarnesses\Win32ToWPFInterop\WPFClock\WPFClock.csproj", "{2EBE7CF7-6A70-4770-9F65-4937F36C265F}"
EndProject
Global
	GlobalSection(TeamFoundationVersionControl) = preSolution
		SccNumberOfProjects = 10
		SccEnterpriseProvider = {4CA58AB2-18FA-4F8D-95D4-32DDF27D184C}
		SccTeamFoundationServer = https://tfs09.codeplex.com/
		SccLocalPath0 = .
		SccProjectUniqueName1 = Snoop\\Snoop.csproj
		SccProjectName1 = Snoop
		SccLocalPath1 = Snoop
		SccProjectUniqueName2 = ManagedInjector\\ManagedInjector.vcproj
		SccProjectName2 = ManagedInjector
		SccLocalPath2 = ManagedInjector
		SccProjectUniqueName3 = Installer\\Installer.vdproj
		SccProjectName3 = Installer
		SccLocalPath3 = Installer
		SccProjectUniqueName4 = Installer_x64\\Installer_x64.vdproj
		SccProjectName4 = Installer_x64
		SccLocalPath4 = Installer_x64
		SccProjectUniqueName5 = TestHarnesses\\WhiteForegroundIssue\\WhiteForegroundIssue.csproj
		SccProjectTopLevelParentUniqueName5 = Snoop.sln
		SccProjectName5 = TestHarnesses/WhiteForegroundIssue
		SccLocalPath5 = TestHarnesses\\WhiteForegroundIssue
		SccProjectUniqueName6 = TestHarnesses\\InvisibleOwnerWindowIssue\\InvisibleOwnerWindowIssue.csproj
		SccProjectTopLevelParentUniqueName6 = Snoop.sln
		SccProjectName6 = TestHarnesses/InvisibleOwnerWindowIssue
		SccLocalPath6 = TestHarnesses\\InvisibleOwnerWindowIssue
		SccProjectUniqueName7 = TestHarnesses\\WindowsFormsToWPFInterop\\WindowsFormsToWPFInterop.csproj
		SccProjectTopLevelParentUniqueName7 = Snoop.sln
		SccProjectName7 = TestHarnesses/WindowsFormsToWPFInterop
		SccLocalPath7 = TestHarnesses\\WindowsFormsToWPFInterop
		SccProjectUniqueName8 = TestHarnesses\\Win32ToWPFInterop\\win32clock\\win32clock.vcproj
		SccProjectTopLevelParentUniqueName8 = Snoop.sln
		SccProjectName8 = TestHarnesses/Win32ToWPFInterop/win32clock
		SccLocalPath8 = TestHarnesses\\Win32ToWPFInterop\\win32clock
		SccProjectUniqueName9 = TestHarnesses\\Win32ToWPFInterop\\WPFClock\\WPFClock.csproj
		SccProjectTopLevelParentUniqueName9 = Snoop.sln
		SccProjectName9 = TestHarnesses/Win32ToWPFInterop/WPFClock
		SccLocalPath9 = TestHarnesses\\Win32ToWPFInterop\\WPFClock
	EndGlobalSection
	GlobalSection(SolutionConfigurationPlatforms) = preSolution
		Debug|Any CPU = Debug|Any CPU
		Debug|x64 = Debug|x64
		Debug|x86 = Debug|x86
		Release|Any CPU = Release|Any CPU
		Release|x64 = Release|x64
		Release|x86 = Release|x86
	EndGlobalSection
	GlobalSection(ProjectConfigurationPlatforms) = postSolution
		{6ADE40E1-7624-475C-80C5-9883AA4712EF}.Debug|Any CPU.ActiveCfg = Debug|Any CPU
		{6ADE40E1-7624-475C-80C5-9883AA4712EF}.Debug|Any CPU.Build.0 = Debug|Any CPU
		{6ADE40E1-7624-475C-80C5-9883AA4712EF}.Debug|x64.ActiveCfg = Debug|x64
		{6ADE40E1-7624-475C-80C5-9883AA4712EF}.Debug|x64.Build.0 = Debug|x64
		{6ADE40E1-7624-475C-80C5-9883AA4712EF}.Debug|x86.ActiveCfg = Debug|x86
		{6ADE40E1-7624-475C-80C5-9883AA4712EF}.Debug|x86.Build.0 = Debug|x86
		{6ADE40E1-7624-475C-80C5-9883AA4712EF}.Release|Any CPU.ActiveCfg = Release|Any CPU
		{6ADE40E1-7624-475C-80C5-9883AA4712EF}.Release|Any CPU.Build.0 = Release|Any CPU
		{6ADE40E1-7624-475C-80C5-9883AA4712EF}.Release|x64.ActiveCfg = Release|x64
		{6ADE40E1-7624-475C-80C5-9883AA4712EF}.Release|x64.Build.0 = Release|x64
		{6ADE40E1-7624-475C-80C5-9883AA4712EF}.Release|x86.ActiveCfg = Release|x86
		{6ADE40E1-7624-475C-80C5-9883AA4712EF}.Release|x86.Build.0 = Release|x86
		{C29817A9-3696-421D-89BD-F66681657C37}.Debug|Any CPU.ActiveCfg = Debug|Win32
		{C29817A9-3696-421D-89BD-F66681657C37}.Debug|x64.ActiveCfg = Debug|x64
		{C29817A9-3696-421D-89BD-F66681657C37}.Debug|x64.Build.0 = Debug|x64
		{C29817A9-3696-421D-89BD-F66681657C37}.Debug|x86.ActiveCfg = Debug|Win32
		{C29817A9-3696-421D-89BD-F66681657C37}.Debug|x86.Build.0 = Debug|Win32
		{C29817A9-3696-421D-89BD-F66681657C37}.Release|Any CPU.ActiveCfg = Release|Win32
		{C29817A9-3696-421D-89BD-F66681657C37}.Release|x64.ActiveCfg = Release|x64
		{C29817A9-3696-421D-89BD-F66681657C37}.Release|x64.Build.0 = Release|x64
		{C29817A9-3696-421D-89BD-F66681657C37}.Release|x86.ActiveCfg = Release|Win32
		{C29817A9-3696-421D-89BD-F66681657C37}.Release|x86.Build.0 = Release|Win32
		{A2B1B889-F28D-4BC3-B1B3-3EF3A325E05B}.Debug|Any CPU.ActiveCfg = Debug
		{A2B1B889-F28D-4BC3-B1B3-3EF3A325E05B}.Debug|x64.ActiveCfg = Debug
		{A2B1B889-F28D-4BC3-B1B3-3EF3A325E05B}.Debug|x86.ActiveCfg = Debug
		{A2B1B889-F28D-4BC3-B1B3-3EF3A325E05B}.Release|Any CPU.ActiveCfg = Release
		{A2B1B889-F28D-4BC3-B1B3-3EF3A325E05B}.Release|x64.ActiveCfg = Release
		{A2B1B889-F28D-4BC3-B1B3-3EF3A325E05B}.Release|x86.ActiveCfg = Release
		{A2B1B889-F28D-4BC3-B1B3-3EF3A325E05B}.Release|x86.Build.0 = Release
		{4DC27FBE-532D-420A-BA80-53ADA37635BE}.Debug|Any CPU.ActiveCfg = Debug
		{4DC27FBE-532D-420A-BA80-53ADA37635BE}.Debug|x64.ActiveCfg = Debug
		{4DC27FBE-532D-420A-BA80-53ADA37635BE}.Debug|x86.ActiveCfg = Debug
		{4DC27FBE-532D-420A-BA80-53ADA37635BE}.Release|Any CPU.ActiveCfg = Release
		{4DC27FBE-532D-420A-BA80-53ADA37635BE}.Release|x64.ActiveCfg = Release
		{4DC27FBE-532D-420A-BA80-53ADA37635BE}.Release|x64.Build.0 = Release
		{4DC27FBE-532D-420A-BA80-53ADA37635BE}.Release|x86.ActiveCfg = Release
		{1296CCA0-673F-434D-BC2C-8C4718EB57B6}.Debug|Any CPU.ActiveCfg = Debug|Any CPU
		{1296CCA0-673F-434D-BC2C-8C4718EB57B6}.Debug|Any CPU.Build.0 = Debug|Any CPU
		{1296CCA0-673F-434D-BC2C-8C4718EB57B6}.Debug|x64.ActiveCfg = Debug|x64
		{1296CCA0-673F-434D-BC2C-8C4718EB57B6}.Debug|x64.Build.0 = Debug|x64
		{1296CCA0-673F-434D-BC2C-8C4718EB57B6}.Debug|x86.ActiveCfg = Debug|x86
		{1296CCA0-673F-434D-BC2C-8C4718EB57B6}.Debug|x86.Build.0 = Debug|x86
		{1296CCA0-673F-434D-BC2C-8C4718EB57B6}.Release|Any CPU.ActiveCfg = Release|Any CPU
		{1296CCA0-673F-434D-BC2C-8C4718EB57B6}.Release|Any CPU.Build.0 = Release|Any CPU
		{1296CCA0-673F-434D-BC2C-8C4718EB57B6}.Release|x64.ActiveCfg = Release|x64
		{1296CCA0-673F-434D-BC2C-8C4718EB57B6}.Release|x86.ActiveCfg = Release|x86
		{23C695A9-F79F-454A-9A00-2897DBAF2933}.Debug|Any CPU.ActiveCfg = Debug|Any CPU
		{23C695A9-F79F-454A-9A00-2897DBAF2933}.Debug|Any CPU.Build.0 = Debug|Any CPU
		{23C695A9-F79F-454A-9A00-2897DBAF2933}.Debug|x64.ActiveCfg = Debug|x64
		{23C695A9-F79F-454A-9A00-2897DBAF2933}.Debug|x64.Build.0 = Debug|x64
		{23C695A9-F79F-454A-9A00-2897DBAF2933}.Debug|x86.ActiveCfg = Debug|x86
		{23C695A9-F79F-454A-9A00-2897DBAF2933}.Debug|x86.Build.0 = Debug|x86
		{23C695A9-F79F-454A-9A00-2897DBAF2933}.Release|Any CPU.ActiveCfg = Release|Any CPU
		{23C695A9-F79F-454A-9A00-2897DBAF2933}.Release|Any CPU.Build.0 = Release|Any CPU
		{23C695A9-F79F-454A-9A00-2897DBAF2933}.Release|x64.ActiveCfg = Release|x64
		{23C695A9-F79F-454A-9A00-2897DBAF2933}.Release|x86.ActiveCfg = Release|x86
		{232FA543-BF42-4C4F-8EFC-4A99EE374AED}.Debug|Any CPU.ActiveCfg = Debug|Any CPU
		{232FA543-BF42-4C4F-8EFC-4A99EE374AED}.Debug|Any CPU.Build.0 = Debug|Any CPU
		{232FA543-BF42-4C4F-8EFC-4A99EE374AED}.Debug|x64.ActiveCfg = Debug|x64
		{232FA543-BF42-4C4F-8EFC-4A99EE374AED}.Debug|x64.Build.0 = Debug|x64
		{232FA543-BF42-4C4F-8EFC-4A99EE374AED}.Debug|x86.ActiveCfg = Debug|x86
		{232FA543-BF42-4C4F-8EFC-4A99EE374AED}.Debug|x86.Build.0 = Debug|x86
		{232FA543-BF42-4C4F-8EFC-4A99EE374AED}.Release|Any CPU.ActiveCfg = Release|Any CPU
		{232FA543-BF42-4C4F-8EFC-4A99EE374AED}.Release|Any CPU.Build.0 = Release|Any CPU
		{232FA543-BF42-4C4F-8EFC-4A99EE374AED}.Release|x64.ActiveCfg = Release|x64
		{232FA543-BF42-4C4F-8EFC-4A99EE374AED}.Release|x86.ActiveCfg = Release|x86
		{8625A303-646D-4D87-BC14-29CD4D079CD9}.Debug|Any CPU.ActiveCfg = Debug|Win32
		{8625A303-646D-4D87-BC14-29CD4D079CD9}.Debug|x64.ActiveCfg = Debug|x64
		{8625A303-646D-4D87-BC14-29CD4D079CD9}.Debug|x64.Build.0 = Debug|x64
		{8625A303-646D-4D87-BC14-29CD4D079CD9}.Debug|x86.ActiveCfg = Debug|Win32
		{8625A303-646D-4D87-BC14-29CD4D079CD9}.Debug|x86.Build.0 = Debug|Win32
		{8625A303-646D-4D87-BC14-29CD4D079CD9}.Release|Any CPU.ActiveCfg = Release|Win32
		{8625A303-646D-4D87-BC14-29CD4D079CD9}.Release|x64.ActiveCfg = Release|x64
		{8625A303-646D-4D87-BC14-29CD4D079CD9}.Release|x86.ActiveCfg = Release|Win32
		{2EBE7CF7-6A70-4770-9F65-4937F36C265F}.Debug|Any CPU.ActiveCfg = Debug|Any CPU
		{2EBE7CF7-6A70-4770-9F65-4937F36C265F}.Debug|Any CPU.Build.0 = Debug|Any CPU
		{2EBE7CF7-6A70-4770-9F65-4937F36C265F}.Debug|x64.ActiveCfg = Debug|x64
		{2EBE7CF7-6A70-4770-9F65-4937F36C265F}.Debug|x64.Build.0 = Debug|x64
		{2EBE7CF7-6A70-4770-9F65-4937F36C265F}.Debug|x86.ActiveCfg = Debug|x86
		{2EBE7CF7-6A70-4770-9F65-4937F36C265F}.Debug|x86.Build.0 = Debug|x86
		{2EBE7CF7-6A70-4770-9F65-4937F36C265F}.Release|Any CPU.ActiveCfg = Release|Any CPU
		{2EBE7CF7-6A70-4770-9F65-4937F36C265F}.Release|Any CPU.Build.0 = Release|Any CPU
		{2EBE7CF7-6A70-4770-9F65-4937F36C265F}.Release|x64.ActiveCfg = Release|x64
		{2EBE7CF7-6A70-4770-9F65-4937F36C265F}.Release|x86.ActiveCfg = Release|x86
	EndGlobalSection
	GlobalSection(SolutionProperties) = preSolution
		HideSolutionNode = FALSE
	EndGlobalSection
	GlobalSection(NestedProjects) = preSolution
		{1296CCA0-673F-434D-BC2C-8C4718EB57B6} = {BB8D54DB-52E9-4757-BDC5-760C6426FCDC}
		{23C695A9-F79F-454A-9A00-2897DBAF2933} = {BB8D54DB-52E9-4757-BDC5-760C6426FCDC}
		{232FA543-BF42-4C4F-8EFC-4A99EE374AED} = {BB8D54DB-52E9-4757-BDC5-760C6426FCDC}
		{6EBA5155-C683-4AF0-9D83-136653BA93D4} = {BB8D54DB-52E9-4757-BDC5-760C6426FCDC}
		{8625A303-646D-4D87-BC14-29CD4D079CD9} = {6EBA5155-C683-4AF0-9D83-136653BA93D4}
		{2EBE7CF7-6A70-4770-9F65-4937F36C265F} = {6EBA5155-C683-4AF0-9D83-136653BA93D4}
	EndGlobalSection
EndGlobal
