
Microsoft Visual Studio Solution File, Format Version 11.00
# Visual Studio 2010
Project("{FAE04EC0-301F-11D3-BF4B-00C04F79EFBC}") = "Snoop", "Snoop\Snoop.csproj", "{6ADE40E1-7624-475C-80C5-9883AA4712EF}"
EndProject
Project("{8BC9CEB8-8B4A-11D0-8D11-00A0C91BC942}") = "ManagedInjector", "ManagedInjector\ManagedInjector.vcxproj", "{C29817A9-3696-421D-89BD-F66681657C37}"
EndProject
Project("{54435603-DBB4-11D2-8724-00A0C9A8B90C}") = "Installer_x86", "Installer\Installer.vdproj", "{A2B1B889-F28D-4BC3-B1B3-3EF3A325E05B}"
EndProject
Project("{54435603-DBB4-11D2-8724-00A0C9A8B90C}") = "Installer_x64", "Installer_x64\Installer_x64.vdproj", "{4DC27FBE-532D-420A-BA80-53ADA37635BE}"
EndProject
Global
	GlobalSection(TeamFoundationVersionControl) = preSolution
		SccNumberOfProjects = 5
		SccEnterpriseProvider = {4CA58AB2-18FA-4F8D-95D4-32DDF27D184C}
		SccTeamFoundationServer = https://tfs09.codeplex.com/
		SccLocalPath0 = .
		SccProjectUniqueName1 = Installer\\Installer.vdproj
		SccProjectName1 = Installer
		SccLocalPath1 = Installer
		SccProjectUniqueName2 = Installer_x64\\Installer_x64.vdproj
		SccProjectName2 = Installer_x64
		SccLocalPath2 = Installer_x64
		SccProjectUniqueName3 = Snoop\\Snoop.csproj
		SccProjectName3 = Snoop
		SccLocalPath3 = Snoop
		SccProjectUniqueName4 = ManagedInjector\\ManagedInjector.vcxproj
		SccProjectName4 = ManagedInjector
		SccLocalPath4 = ManagedInjector
	EndGlobalSection
	GlobalSection(SolutionConfigurationPlatforms) = preSolution
		Debug|Any CPU = Debug|Any CPU
		Debug|x64 = Debug|x64
		Debug|x86 = Debug|x86
		Release|Any CPU = Release|Any CPU
		Release|x64 = Release|x64
		Release|x86 = Release|x86
	EndGlobalSection
	GlobalSection(ProjectConfigurationPlatforms) = postSolution
		{6ADE40E1-7624-475C-80C5-9883AA4712EF}.Debug|Any CPU.ActiveCfg = Debug|Any CPU
		{6ADE40E1-7624-475C-80C5-9883AA4712EF}.Debug|Any CPU.Build.0 = Debug|Any CPU
		{6ADE40E1-7624-475C-80C5-9883AA4712EF}.Debug|x64.ActiveCfg = Debug|x64
		{6ADE40E1-7624-475C-80C5-9883AA4712EF}.Debug|x64.Build.0 = Debug|x64
		{6ADE40E1-7624-475C-80C5-9883AA4712EF}.Debug|x86.ActiveCfg = Debug|x86
		{6ADE40E1-7624-475C-80C5-9883AA4712EF}.Debug|x86.Build.0 = Debug|x86
		{6ADE40E1-7624-475C-80C5-9883AA4712EF}.Release|Any CPU.ActiveCfg = Release|Any CPU
		{6ADE40E1-7624-475C-80C5-9883AA4712EF}.Release|Any CPU.Build.0 = Release|Any CPU
		{6ADE40E1-7624-475C-80C5-9883AA4712EF}.Release|x64.ActiveCfg = Release|x64
		{6ADE40E1-7624-475C-80C5-9883AA4712EF}.Release|x64.Build.0 = Release|x64
		{6ADE40E1-7624-475C-80C5-9883AA4712EF}.Release|x86.ActiveCfg = Release|x86
		{6ADE40E1-7624-475C-80C5-9883AA4712EF}.Release|x86.Build.0 = Release|x86
		{C29817A9-3696-421D-89BD-F66681657C37}.Debug|Any CPU.ActiveCfg = Debug|Win32
		{C29817A9-3696-421D-89BD-F66681657C37}.Debug|x64.ActiveCfg = Debug|x64
		{C29817A9-3696-421D-89BD-F66681657C37}.Debug|x64.Build.0 = Debug|x64
		{C29817A9-3696-421D-89BD-F66681657C37}.Debug|x86.ActiveCfg = Debug|Win32
		{C29817A9-3696-421D-89BD-F66681657C37}.Debug|x86.Build.0 = Debug|Win32
		{C29817A9-3696-421D-89BD-F66681657C37}.Release|Any CPU.ActiveCfg = Release|Win32
		{C29817A9-3696-421D-89BD-F66681657C37}.Release|x64.ActiveCfg = Release|x64
		{C29817A9-3696-421D-89BD-F66681657C37}.Release|x64.Build.0 = Release|x64
		{C29817A9-3696-421D-89BD-F66681657C37}.Release|x86.ActiveCfg = Release|Win32
		{C29817A9-3696-421D-89BD-F66681657C37}.Release|x86.Build.0 = Release|Win32
		{A2B1B889-F28D-4BC3-B1B3-3EF3A325E05B}.Debug|Any CPU.ActiveCfg = Debug
		{A2B1B889-F28D-4BC3-B1B3-3EF3A325E05B}.Debug|x64.ActiveCfg = Debug
		{A2B1B889-F28D-4BC3-B1B3-3EF3A325E05B}.Debug|x86.ActiveCfg = Debug
		{A2B1B889-F28D-4BC3-B1B3-3EF3A325E05B}.Release|Any CPU.ActiveCfg = Release
		{A2B1B889-F28D-4BC3-B1B3-3EF3A325E05B}.Release|x64.ActiveCfg = Release
		{A2B1B889-F28D-4BC3-B1B3-3EF3A325E05B}.Release|x86.ActiveCfg = Release
		{A2B1B889-F28D-4BC3-B1B3-3EF3A325E05B}.Release|x86.Build.0 = Release
		{4DC27FBE-532D-420A-BA80-53ADA37635BE}.Debug|Any CPU.ActiveCfg = Debug
		{4DC27FBE-532D-420A-BA80-53ADA37635BE}.Debug|x64.ActiveCfg = Debug
		{4DC27FBE-532D-420A-BA80-53ADA37635BE}.Debug|x86.ActiveCfg = Debug
		{4DC27FBE-532D-420A-BA80-53ADA37635BE}.Release|Any CPU.ActiveCfg = Release
		{4DC27FBE-532D-420A-BA80-53ADA37635BE}.Release|x64.ActiveCfg = Release
		{4DC27FBE-532D-420A-BA80-53ADA37635BE}.Release|x64.Build.0 = Release
		{4DC27FBE-532D-420A-BA80-53ADA37635BE}.Release|x86.ActiveCfg = Release
	EndGlobalSection
	GlobalSection(SolutionProperties) = preSolution
		HideSolutionNode = FALSE
	EndGlobalSection
EndGlobal
