
Microsoft Visual Studio Solution File, Format Version 12.00
# Visual Studio 15
VisualStudioVersion = 15.0.26124.0
MinimumVisualStudioVersion = 15.0.26124.0
Project("{FAE04EC0-301F-11D3-BF4B-00C04F79EFBC}") = "_build", "_build.csproj", "{8FA9526A-80EF-4C8F-B0BF-20CAC81D8371}"
EndProject
Global
	GlobalSection(SolutionConfigurationPlatforms) = preSolution
		Debug|Any CPU = Debug|Any CPU
		Release|Any CPU = Release|Any CPU
	EndGlobalSection
	GlobalSection(SolutionProperties) = preSolution
		HideSolutionNode = FALSE
	EndGlobalSection
	GlobalSection(ProjectConfigurationPlatforms) = postSolution
		{8FA9526A-80EF-4C8F-B0BF-20CAC81D8371}.Debug|Any CPU.ActiveCfg = Debug|Any CPU
		{8FA9526A-80EF-4C8F-B0BF-20CAC81D8371}.Debug|Any CPU.Build.0 = Debug|Any CPU
		{8FA9526A-80EF-4C8F-B0BF-20CAC81D8371}.Release|Any CPU.ActiveCfg = Release|Any CPU
		{8FA9526A-80EF-4C8F-B0BF-20CAC81D8371}.Release|Any CPU.Build.0 = Release|Any CPU
	EndGlobalSection
EndGlobal
