
Microsoft Visual Studio Solution File, Format Version 12.00
# Visual Studio Version 16
VisualStudioVersion = 16.0.29102.190
MinimumVisualStudioVersion = 10.0.40219.1
Project("{9A19103F-16F7-4668-BE54-9A1E7A4F7556}") = "_build", "_build.csproj", "{5586D3A5-F8AC-445A-B983-D736CDE86B64}"
EndProject
Global
	GlobalSection(SolutionConfigurationPlatforms) = preSolution
		Debug|Any CPU = Debug|Any CPU
		Release|Any CPU = Release|Any CPU
	EndGlobalSection
	GlobalSection(ProjectConfigurationPlatforms) = postSolution
		{5586D3A5-F8AC-445A-B983-D736CDE86B64}.Debug|Any CPU.ActiveCfg = Debug|Any CPU
		{5586D3A5-F8AC-445A-B983-D736CDE86B64}.Debug|Any CPU.Build.0 = Debug|Any CPU
		{5586D3A5-F8AC-445A-B983-D736CDE86B64}.Release|Any CPU.ActiveCfg = Release|Any CPU
		{5586D3A5-F8AC-445A-B983-D736CDE86B64}.Release|Any CPU.Build.0 = Release|Any CPU
	EndGlobalSection
	GlobalSection(SolutionProperties) = preSolution
		HideSolutionNode = FALSE
	EndGlobalSection
	GlobalSection(ExtensibilityGlobals) = postSolution
		SolutionGuid = {819A7F92-6132-40D2-93F0-021ABD67F4F4}
	EndGlobalSection
EndGlobal
