
Microsoft Visual Studio Solution File, Format Version 11.00
# Visual Studio 2010
Project("{FAE04EC0-301F-11D3-BF4B-00C04F79EFBC}") = "Snoop", "Snoop\Snoop.csproj", "{6ADE40E1-7624-475C-80C5-9883AA4712EF}"
EndProject
Project("{54435603-DBB4-11D2-8724-00A0C9A8B90C}") = "Installer_x86", "Installer\Installer.vdproj", "{A2B1B889-F28D-4BC3-B1B3-3EF3A325E05B}"
EndProject
Project("{54435603-DBB4-11D2-8724-00A0C9A8B90C}") = "Installer_x64", "Installer_x64\Installer_x64.vdproj", "{4DC27FBE-532D-420A-BA80-53ADA37635BE}"
EndProject
Project("{2150E333-8FDC-42A3-9474-1A3956D46DE8}") = "TestHarnesses", "TestHarnesses", "{4EAA2216-FEF3-4AD8-800E-751117636D6F}"
EndProject
Project("{FAE04EC0-301F-11D3-BF4B-00C04F79EFBC}") = "WhiteForegroundIssue", "TestHarnesses\WhiteForegroundIssue\WhiteForegroundIssue.csproj", "{65E7541A-B1A7-4C90-8EDF-022CB9B800DE}"
EndProject
Project("{FAE04EC0-301F-11D3-BF4B-00C04F79EFBC}") = "InvisibleOwnerWindowIssue", "TestHarnesses\InvisibleOwnerWindowIssue\InvisibleOwnerWindowIssue.csproj", "{4B964EFB-099E-4C53-99CA-A779AA57477E}"
EndProject
Project("{FAE04EC0-301F-11D3-BF4B-00C04F79EFBC}") = "WindowsFormsToWPFInterop", "TestHarnesses\WindowsFormsToWPFInterop\WindowsFormsToWPFInterop.csproj", "{5B73FBB9-BA20-4ED7-BA54-52C49EE37C00}"
EndProject
Project("{2150E333-8FDC-42A3-9474-1A3956D46DE8}") = "Win32ToWPFInterop", "Win32ToWPFInterop", "{BD5BAB06-EF80-4A66-953E-826FD369044A}"
EndProject
Project("{8BC9CEB8-8B4A-11D0-8D11-00A0C91BC942}") = "win32clock", "TestHarnesses\Win32ToWPFInterop\Win32Clock\win32clock.vcxproj", "{8625A303-646D-4D87-BC14-29CD4D079CD9}"
	ProjectSection(ProjectDependencies) = postProject
		{A447BFAE-E087-463A-ABAF-2C6F01CB775E} = {A447BFAE-E087-463A-ABAF-2C6F01CB775E}
	EndProjectSection
EndProject
Project("{FAE04EC0-301F-11D3-BF4B-00C04F79EFBC}") = "WpfClock", "TestHarnesses\Win32ToWPFInterop\WPFClock\WpfClock.csproj", "{A447BFAE-E087-463A-ABAF-2C6F01CB775E}"
EndProject
Project("{FAE04EC0-301F-11D3-BF4B-00C04F79EFBC}") = "DepthReducer", "TestHarnesses\DepthReducer\DepthReducer.csproj", "{AB81D171-A776-42F4-83C5-20ADB4927FA2}"
EndProject
Project("{FAE04EC0-301F-11D3-BF4B-00C04F79EFBC}") = "BasicTestHarness", "TestHarnesses\BasicTestHarness\BasicTestHarness.csproj", "{64812FFE-93C4-4E74-8EAF-ECE82C7331FA}"
EndProject
Project("{FAE04EC0-301F-11D3-BF4B-00C04F79EFBC}") = "NoMainWindowForApp", "TestHarnesses\NoMainWindowForApp\NoMainWindowForApp.csproj", "{3B32E230-F7D5-4D71-AE9C-680800359EC0}"
EndProject
Project("{FAE04EC0-301F-11D3-BF4B-00C04F79EFBC}") = "ManagedInjectorLauncher32-4.0", "ManagedInjectorLauncher\ManagedInjectorLauncher32-4.0.csproj", "{837EED94-D254-4F58-8949-635015DE371D}"
EndProject
Project("{FAE04EC0-301F-11D3-BF4B-00C04F79EFBC}") = "ManagedInjectorLauncher32-3.5", "ManagedInjectorLauncher\ManagedInjectorLauncher32-3.5.csproj", "{63738B28-A45F-4BE4-A769-656443F698CD}"
EndProject
Project("{FAE04EC0-301F-11D3-BF4B-00C04F79EFBC}") = "ManagedInjectorLauncher64-4.0", "ManagedInjectorLauncher\ManagedInjectorLauncher64-4.0.csproj", "{21E131D3-760F-4E93-8BDD-502591BD1F97}"
EndProject
Project("{FAE04EC0-301F-11D3-BF4B-00C04F79EFBC}") = "ManagedInjectorLauncher64-3.5", "ManagedInjectorLauncher\ManagedInjectorLauncher64-3.5.csproj", "{26815909-08A8-499B-96F2-0910830CFA6D}"
EndProject
Project("{8BC9CEB8-8B4A-11D0-8D11-00A0C91BC942}") = "ManagedInjector32-3.5", "ManagedInjector\ManagedInjector32-3.5.vcxproj", "{5403CEA2-F8E6-4B2D-B25C-4DAC65A6216C}"
EndProject
Project("{8BC9CEB8-8B4A-11D0-8D11-00A0C91BC942}") = "ManagedInjector32-4.0", "ManagedInjector\ManagedInjector32-4.0.vcxproj", "{8072B47B-5611-4BAB-8EF4-CB3125D676A5}"
EndProject
Project("{8BC9CEB8-8B4A-11D0-8D11-00A0C91BC942}") = "ManagedInjector64-3.5", "ManagedInjector\ManagedInjector64-3.5.vcxproj", "{C29817A9-3696-421D-89BD-F66681657C37}"
EndProject
Project("{8BC9CEB8-8B4A-11D0-8D11-00A0C91BC942}") = "ManagedInjector64-4.0", "ManagedInjector\ManagedInjector64-4.0.vcxproj", "{A27C8B34-2527-4258-8C07-D2720C576B90}"
EndProject
Global
	GlobalSection(TeamFoundationVersionControl) = preSolution
		SccNumberOfProjects = 20
		SccEnterpriseProvider = {4CA58AB2-18FA-4F8D-95D4-32DDF27D184C}
		SccTeamFoundationServer = https://tfs09.codeplex.com/
		SccLocalPath0 = .
		SccProjectUniqueName1 = Installer\\Installer.vdproj
		SccProjectName1 = Installer
		SccLocalPath1 = Installer
		SccProjectUniqueName2 = Installer_x64\\Installer_x64.vdproj
		SccProjectName2 = Installer_x64
		SccLocalPath2 = Installer_x64
		SccProjectUniqueName3 = Snoop\\Snoop.csproj
		SccProjectName3 = Snoop
		SccLocalPath3 = Snoop
		SccProjectUniqueName4 = TestHarnesses\\WhiteForegroundIssue\\WhiteForegroundIssue.csproj
		SccProjectTopLevelParentUniqueName4 = Snoop.sln
		SccProjectName4 = TestHarnesses/WhiteForegroundIssue
		SccLocalPath4 = TestHarnesses\\WhiteForegroundIssue
		SccProjectUniqueName5 = TestHarnesses\\InvisibleOwnerWindowIssue\\InvisibleOwnerWindowIssue.csproj
		SccProjectTopLevelParentUniqueName5 = Snoop.sln
		SccProjectName5 = TestHarnesses/InvisibleOwnerWindowIssue
		SccLocalPath5 = TestHarnesses\\InvisibleOwnerWindowIssue
		SccProjectUniqueName6 = TestHarnesses\\WindowsFormsToWPFInterop\\WindowsFormsToWPFInterop.csproj
		SccProjectTopLevelParentUniqueName6 = Snoop.sln
		SccProjectName6 = TestHarnesses/WindowsFormsToWPFInterop
		SccLocalPath6 = TestHarnesses\\WindowsFormsToWPFInterop
		SccProjectUniqueName7 = TestHarnesses\\Win32ToWPFInterop\\Win32Clock\\win32clock.vcxproj
		SccProjectTopLevelParentUniqueName7 = Snoop.sln
		SccProjectName7 = TestHarnesses/Win32ToWPFInterop/Win32Clock
		SccLocalPath7 = TestHarnesses\\Win32ToWPFInterop\\Win32Clock
		SccProjectUniqueName8 = TestHarnesses\\Win32ToWPFInterop\\WPFClock\\WpfClock.csproj
		SccProjectTopLevelParentUniqueName8 = Snoop.sln
		SccProjectName8 = TestHarnesses/Win32ToWPFInterop/WPFClock
		SccLocalPath8 = TestHarnesses\\Win32ToWPFInterop\\WPFClock
		SccProjectUniqueName9 = TestHarnesses\\DepthReducer\\DepthReducer.csproj
		SccProjectTopLevelParentUniqueName9 = Snoop.sln
		SccProjectName9 = TestHarnesses/DepthReducer
		SccLocalPath9 = TestHarnesses\\DepthReducer
		SccProjectUniqueName10 = TestHarnesses\\BasicTestHarness\\BasicTestHarness.csproj
		SccProjectTopLevelParentUniqueName10 = Snoop.sln
		SccProjectName10 = TestHarnesses/BasicTestHarness
		SccLocalPath10 = TestHarnesses\\BasicTestHarness
		SccProjectUniqueName11 = TestHarnesses\\NoMainWindowForApp\\NoMainWindowForApp.csproj
		SccProjectTopLevelParentUniqueName11 = Snoop.sln
		SccProjectName11 = TestHarnesses/NoMainWindowForApp
		SccLocalPath11 = TestHarnesses\\NoMainWindowForApp
		SccProjectUniqueName12 = ManagedInjector\\ManagedInjector32-3.5.vcxproj
		SccProjectName12 = ManagedInjector
		SccLocalPath12 = ManagedInjector
		SccProjectUniqueName13 = ManagedInjector\\ManagedInjector32-4.0.vcxproj
		SccProjectName13 = ManagedInjector
		SccLocalPath13 = ManagedInjector
		SccProjectUniqueName14 = ManagedInjector\\ManagedInjector64-3.5.vcxproj
		SccProjectName14 = ManagedInjector
		SccLocalPath14 = ManagedInjector
		SccProjectUniqueName15 = ManagedInjector\\ManagedInjector64-4.0.vcxproj
		SccProjectName15 = ManagedInjector
		SccLocalPath15 = ManagedInjector
		SccProjectUniqueName16 = ManagedInjectorLauncher\\ManagedInjectorLauncher32-4.0.csproj
		SccProjectName16 = ManagedInjectorLauncher
		SccLocalPath16 = ManagedInjectorLauncher
		SccProjectUniqueName17 = ManagedInjectorLauncher\\ManagedInjectorLauncher32-3.5.csproj
		SccProjectName17 = ManagedInjectorLauncher
		SccLocalPath17 = ManagedInjectorLauncher
		SccProjectUniqueName18 = ManagedInjectorLauncher\\ManagedInjectorLauncher64-4.0.csproj
		SccProjectName18 = ManagedInjectorLauncher
		SccLocalPath18 = ManagedInjectorLauncher
		SccProjectUniqueName19 = ManagedInjectorLauncher\\ManagedInjectorLauncher64-3.5.csproj
		SccProjectName19 = ManagedInjectorLauncher
		SccLocalPath19 = ManagedInjectorLauncher
	EndGlobalSection
	GlobalSection(SolutionConfigurationPlatforms) = preSolution
		Debug|Mixed Platforms = Debug|Mixed Platforms
		Release|Mixed Platforms = Release|Mixed Platforms
	EndGlobalSection
	GlobalSection(ProjectConfigurationPlatforms) = postSolution
		{6ADE40E1-7624-475C-80C5-9883AA4712EF}.Debug|Mixed Platforms.ActiveCfg = Debug|Any CPU
		{6ADE40E1-7624-475C-80C5-9883AA4712EF}.Debug|Mixed Platforms.Build.0 = Debug|Any CPU
		{6ADE40E1-7624-475C-80C5-9883AA4712EF}.Release|Mixed Platforms.ActiveCfg = Release|Any CPU
		{6ADE40E1-7624-475C-80C5-9883AA4712EF}.Release|Mixed Platforms.Build.0 = Release|Any CPU
		{A2B1B889-F28D-4BC3-B1B3-3EF3A325E05B}.Debug|Mixed Platforms.ActiveCfg = Debug
		{A2B1B889-F28D-4BC3-B1B3-3EF3A325E05B}.Release|Mixed Platforms.ActiveCfg = Release
		{4DC27FBE-532D-420A-BA80-53ADA37635BE}.Debug|Mixed Platforms.ActiveCfg = Debug
		{4DC27FBE-532D-420A-BA80-53ADA37635BE}.Release|Mixed Platforms.ActiveCfg = Release
		{65E7541A-B1A7-4C90-8EDF-022CB9B800DE}.Debug|Mixed Platforms.ActiveCfg = Debug|x86
		{65E7541A-B1A7-4C90-8EDF-022CB9B800DE}.Debug|Mixed Platforms.Build.0 = Debug|x86
		{65E7541A-B1A7-4C90-8EDF-022CB9B800DE}.Release|Mixed Platforms.ActiveCfg = Release|x86
		{4B964EFB-099E-4C53-99CA-A779AA57477E}.Debug|Mixed Platforms.ActiveCfg = Debug|x86
		{4B964EFB-099E-4C53-99CA-A779AA57477E}.Debug|Mixed Platforms.Build.0 = Debug|x86
		{4B964EFB-099E-4C53-99CA-A779AA57477E}.Release|Mixed Platforms.ActiveCfg = Release|x86
		{5B73FBB9-BA20-4ED7-BA54-52C49EE37C00}.Debug|Mixed Platforms.ActiveCfg = Debug|x86
		{5B73FBB9-BA20-4ED7-BA54-52C49EE37C00}.Debug|Mixed Platforms.Build.0 = Debug|x86
		{5B73FBB9-BA20-4ED7-BA54-52C49EE37C00}.Release|Mixed Platforms.ActiveCfg = Release|x86
		{8625A303-646D-4D87-BC14-29CD4D079CD9}.Debug|Mixed Platforms.ActiveCfg = Debug|Win32
		{8625A303-646D-4D87-BC14-29CD4D079CD9}.Debug|Mixed Platforms.Build.0 = Debug|Win32
		{8625A303-646D-4D87-BC14-29CD4D079CD9}.Release|Mixed Platforms.ActiveCfg = Release|Win32
		{A447BFAE-E087-463A-ABAF-2C6F01CB775E}.Debug|Mixed Platforms.ActiveCfg = Debug|x86
		{A447BFAE-E087-463A-ABAF-2C6F01CB775E}.Debug|Mixed Platforms.Build.0 = Debug|x86
		{A447BFAE-E087-463A-ABAF-2C6F01CB775E}.Release|Mixed Platforms.ActiveCfg = Release|x86
		{AB81D171-A776-42F4-83C5-20ADB4927FA2}.Debug|Mixed Platforms.ActiveCfg = Debug|x86
		{AB81D171-A776-42F4-83C5-20ADB4927FA2}.Debug|Mixed Platforms.Build.0 = Debug|x86
		{AB81D171-A776-42F4-83C5-20ADB4927FA2}.Release|Mixed Platforms.ActiveCfg = Release|x86
		{64812FFE-93C4-4E74-8EAF-ECE82C7331FA}.Debug|Mixed Platforms.ActiveCfg = Debug|x86
		{64812FFE-93C4-4E74-8EAF-ECE82C7331FA}.Debug|Mixed Platforms.Build.0 = Debug|x86
		{64812FFE-93C4-4E74-8EAF-ECE82C7331FA}.Release|Mixed Platforms.ActiveCfg = Release|x86
		{3B32E230-F7D5-4D71-AE9C-680800359EC0}.Debug|Mixed Platforms.ActiveCfg = Debug|x86
		{3B32E230-F7D5-4D71-AE9C-680800359EC0}.Debug|Mixed Platforms.Build.0 = Debug|x86
		{3B32E230-F7D5-4D71-AE9C-680800359EC0}.Release|Mixed Platforms.ActiveCfg = Release|x86
		{837EED94-D254-4F58-8949-635015DE371D}.Debug|Mixed Platforms.ActiveCfg = Debug|x86
		{837EED94-D254-4F58-8949-635015DE371D}.Debug|Mixed Platforms.Build.0 = Debug|x86
		{837EED94-D254-4F58-8949-635015DE371D}.Release|Mixed Platforms.ActiveCfg = Release|x86
		{837EED94-D254-4F58-8949-635015DE371D}.Release|Mixed Platforms.Build.0 = Release|x86
		{63738B28-A45F-4BE4-A769-656443F698CD}.Debug|Mixed Platforms.ActiveCfg = Debug|x86
		{63738B28-A45F-4BE4-A769-656443F698CD}.Debug|Mixed Platforms.Build.0 = Debug|x86
		{63738B28-A45F-4BE4-A769-656443F698CD}.Release|Mixed Platforms.ActiveCfg = Release|x86
		{63738B28-A45F-4BE4-A769-656443F698CD}.Release|Mixed Platforms.Build.0 = Release|x86
		{21E131D3-760F-4E93-8BDD-502591BD1F97}.Debug|Mixed Platforms.ActiveCfg = Debug|x64
		{21E131D3-760F-4E93-8BDD-502591BD1F97}.Debug|Mixed Platforms.Build.0 = Debug|x64
		{21E131D3-760F-4E93-8BDD-502591BD1F97}.Release|Mixed Platforms.ActiveCfg = Release|x64
		{21E131D3-760F-4E93-8BDD-502591BD1F97}.Release|Mixed Platforms.Build.0 = Release|x64
		{26815909-08A8-499B-96F2-0910830CFA6D}.Debug|Mixed Platforms.ActiveCfg = Debug|x64
		{26815909-08A8-499B-96F2-0910830CFA6D}.Debug|Mixed Platforms.Build.0 = Debug|x64
		{26815909-08A8-499B-96F2-0910830CFA6D}.Release|Mixed Platforms.ActiveCfg = Release|x64
		{26815909-08A8-499B-96F2-0910830CFA6D}.Release|Mixed Platforms.Build.0 = Release|x64
		{5403CEA2-F8E6-4B2D-B25C-4DAC65A6216C}.Debug|Mixed Platforms.ActiveCfg = Debug|Win32
		{5403CEA2-F8E6-4B2D-B25C-4DAC65A6216C}.Debug|Mixed Platforms.Build.0 = Debug|Win32
		{5403CEA2-F8E6-4B2D-B25C-4DAC65A6216C}.Release|Mixed Platforms.ActiveCfg = Release|Win32
		{5403CEA2-F8E6-4B2D-B25C-4DAC65A6216C}.Release|Mixed Platforms.Build.0 = Release|Win32
		{8072B47B-5611-4BAB-8EF4-CB3125D676A5}.Debug|Mixed Platforms.ActiveCfg = Debug|Win32
		{8072B47B-5611-4BAB-8EF4-CB3125D676A5}.Debug|Mixed Platforms.Build.0 = Debug|Win32
		{8072B47B-5611-4BAB-8EF4-CB3125D676A5}.Release|Mixed Platforms.ActiveCfg = Release|Win32
		{8072B47B-5611-4BAB-8EF4-CB3125D676A5}.Release|Mixed Platforms.Build.0 = Release|Win32
		{C29817A9-3696-421D-89BD-F66681657C37}.Debug|Mixed Platforms.ActiveCfg = Debug|x64
		{C29817A9-3696-421D-89BD-F66681657C37}.Debug|Mixed Platforms.Build.0 = Debug|x64
		{C29817A9-3696-421D-89BD-F66681657C37}.Release|Mixed Platforms.ActiveCfg = Release|x64
		{C29817A9-3696-421D-89BD-F66681657C37}.Release|Mixed Platforms.Build.0 = Release|x64
		{A27C8B34-2527-4258-8C07-D2720C576B90}.Debug|Mixed Platforms.ActiveCfg = Debug|x64
		{A27C8B34-2527-4258-8C07-D2720C576B90}.Debug|Mixed Platforms.Build.0 = Debug|x64
		{A27C8B34-2527-4258-8C07-D2720C576B90}.Release|Mixed Platforms.ActiveCfg = Release|x64
		{A27C8B34-2527-4258-8C07-D2720C576B90}.Release|Mixed Platforms.Build.0 = Release|x64
	EndGlobalSection
	GlobalSection(SolutionProperties) = preSolution
		HideSolutionNode = FALSE
	EndGlobalSection
	GlobalSection(NestedProjects) = preSolution
		{65E7541A-B1A7-4C90-8EDF-022CB9B800DE} = {4EAA2216-FEF3-4AD8-800E-751117636D6F}
		{4B964EFB-099E-4C53-99CA-A779AA57477E} = {4EAA2216-FEF3-4AD8-800E-751117636D6F}
		{5B73FBB9-BA20-4ED7-BA54-52C49EE37C00} = {4EAA2216-FEF3-4AD8-800E-751117636D6F}
		{BD5BAB06-EF80-4A66-953E-826FD369044A} = {4EAA2216-FEF3-4AD8-800E-751117636D6F}
		{AB81D171-A776-42F4-83C5-20ADB4927FA2} = {4EAA2216-FEF3-4AD8-800E-751117636D6F}
		{64812FFE-93C4-4E74-8EAF-ECE82C7331FA} = {4EAA2216-FEF3-4AD8-800E-751117636D6F}
		{3B32E230-F7D5-4D71-AE9C-680800359EC0} = {4EAA2216-FEF3-4AD8-800E-751117636D6F}
		{8625A303-646D-4D87-BC14-29CD4D079CD9} = {BD5BAB06-EF80-4A66-953E-826FD369044A}
		{A447BFAE-E087-463A-ABAF-2C6F01CB775E} = {BD5BAB06-EF80-4A66-953E-826FD369044A}
	EndGlobalSection
EndGlobal
