
Microsoft Visual Studio Solution File, Format Version 11.00
# Visual Studio 2010
Project("{FAE04EC0-301F-11D3-BF4B-00C04F79EFBC}") = "Snoop", "Snoop\Snoop.csproj", "{6ADE40E1-7624-475C-80C5-9883AA4712EF}"
EndProject
Project("{8BC9CEB8-8B4A-11D0-8D11-00A0C91BC942}") = "ManagedInjector", "ManagedInjector\ManagedInjector.vcxproj", "{C29817A9-3696-421D-89BD-F66681657C37}"
EndProject
Project("{54435603-DBB4-11D2-8724-00A0C9A8B90C}") = "Installer_x86", "Installer\Installer.vdproj", "{A2B1B889-F28D-4BC3-B1B3-3EF3A325E05B}"
EndProject
Project("{54435603-DBB4-11D2-8724-00A0C9A8B90C}") = "Installer_x64", "Installer_x64\Installer_x64.vdproj", "{4DC27FBE-532D-420A-BA80-53ADA37635BE}"
EndProject
Project("{2150E333-8FDC-42A3-9474-1A3956D46DE8}") = "TestHarnesses", "TestHarnesses", "{4EAA2216-FEF3-4AD8-800E-751117636D6F}"
EndProject
Project("{FAE04EC0-301F-11D3-BF4B-00C04F79EFBC}") = "WhiteForegroundIssue", "TestHarnesses\WhiteForegroundIssue\WhiteForegroundIssue.csproj", "{65E7541A-B1A7-4C90-8EDF-022CB9B800DE}"
EndProject
Project("{FAE04EC0-301F-11D3-BF4B-00C04F79EFBC}") = "InvisibleOwnerWindowIssue", "TestHarnesses\InvisibleOwnerWindowIssue\InvisibleOwnerWindowIssue.csproj", "{4B964EFB-099E-4C53-99CA-A779AA57477E}"
EndProject
Project("{FAE04EC0-301F-11D3-BF4B-00C04F79EFBC}") = "WindowsFormsToWPFInterop", "TestHarnesses\WindowsFormsToWPFInterop\WindowsFormsToWPFInterop.csproj", "{5B73FBB9-BA20-4ED7-BA54-52C49EE37C00}"
EndProject
Project("{2150E333-8FDC-42A3-9474-1A3956D46DE8}") = "Win32ToWPFInterop", "Win32ToWPFInterop", "{BD5BAB06-EF80-4A66-953E-826FD369044A}"
EndProject
Project("{8BC9CEB8-8B4A-11D0-8D11-00A0C91BC942}") = "win32clock", "TestHarnesses\Win32ToWPFInterop\Win32Clock\win32clock.vcxproj", "{8625A303-646D-4D87-BC14-29CD4D079CD9}"
	ProjectSection(ProjectDependencies) = postProject
		{A447BFAE-E087-463A-ABAF-2C6F01CB775E} = {A447BFAE-E087-463A-ABAF-2C6F01CB775E}
	EndProjectSection
EndProject
Project("{FAE04EC0-301F-11D3-BF4B-00C04F79EFBC}") = "WpfClock", "TestHarnesses\Win32ToWPFInterop\WPFClock\WpfClock.csproj", "{A447BFAE-E087-463A-ABAF-2C6F01CB775E}"
EndProject
Project("{FAE04EC0-301F-11D3-BF4B-00C04F79EFBC}") = "DepthReducer", "TestHarnesses\DepthReducer\DepthReducer.csproj", "{AB81D171-A776-42F4-83C5-20ADB4927FA2}"
EndProject
Project("{FAE04EC0-301F-11D3-BF4B-00C04F79EFBC}") = "BasicTestHarness", "TestHarnesses\BasicTestHarness\BasicTestHarness.csproj", "{64812FFE-93C4-4E74-8EAF-ECE82C7331FA}"
EndProject
Project("{FAE04EC0-301F-11D3-BF4B-00C04F79EFBC}") = "NoMainWindowForApp", "TestHarnesses\NoMainWindowForApp\NoMainWindowForApp.csproj", "{3B32E230-F7D5-4D71-AE9C-680800359EC0}"
EndProject
Global
	GlobalSection(TeamFoundationVersionControl) = preSolution
		SccNumberOfProjects = 13
		SccEnterpriseProvider = {4CA58AB2-18FA-4F8D-95D4-32DDF27D184C}
		SccTeamFoundationServer = https://tfs09.codeplex.com/
		SccLocalPath0 = .
		SccProjectUniqueName1 = Installer\\Installer.vdproj
		SccProjectName1 = Installer
		SccLocalPath1 = Installer
		SccProjectUniqueName2 = Installer_x64\\Installer_x64.vdproj
		SccProjectName2 = Installer_x64
		SccLocalPath2 = Installer_x64
		SccProjectUniqueName3 = Snoop\\Snoop.csproj
		SccProjectName3 = Snoop
		SccLocalPath3 = Snoop
		SccProjectUniqueName4 = ManagedInjector\\ManagedInjector.vcxproj
		SccProjectName4 = ManagedInjector
		SccLocalPath4 = ManagedInjector
		SccProjectUniqueName5 = TestHarnesses\\WhiteForegroundIssue\\WhiteForegroundIssue.csproj
		SccProjectTopLevelParentUniqueName5 = Snoop.sln
		SccProjectName5 = TestHarnesses/WhiteForegroundIssue
		SccLocalPath5 = TestHarnesses\\WhiteForegroundIssue
		SccProjectUniqueName6 = TestHarnesses\\InvisibleOwnerWindowIssue\\InvisibleOwnerWindowIssue.csproj
		SccProjectTopLevelParentUniqueName6 = Snoop.sln
		SccProjectName6 = TestHarnesses/InvisibleOwnerWindowIssue
		SccLocalPath6 = TestHarnesses\\InvisibleOwnerWindowIssue
		SccProjectUniqueName7 = TestHarnesses\\WindowsFormsToWPFInterop\\WindowsFormsToWPFInterop.csproj
		SccProjectTopLevelParentUniqueName7 = Snoop.sln
		SccProjectName7 = TestHarnesses/WindowsFormsToWPFInterop
		SccLocalPath7 = TestHarnesses\\WindowsFormsToWPFInterop
		SccProjectUniqueName8 = TestHarnesses\\Win32ToWPFInterop\\Win32Clock\\win32clock.vcxproj
		SccProjectTopLevelParentUniqueName8 = Snoop.sln
		SccProjectName8 = TestHarnesses/Win32ToWPFInterop/Win32Clock
		SccLocalPath8 = TestHarnesses\\Win32ToWPFInterop\\Win32Clock
		SccProjectUniqueName9 = TestHarnesses\\Win32ToWPFInterop\\WPFClock\\WpfClock.csproj
		SccProjectTopLevelParentUniqueName9 = Snoop.sln
		SccProjectName9 = TestHarnesses/Win32ToWPFInterop/WPFClock
		SccLocalPath9 = TestHarnesses\\Win32ToWPFInterop\\WPFClock
		SccProjectUniqueName10 = TestHarnesses\\DepthReducer\\DepthReducer.csproj
		SccProjectTopLevelParentUniqueName10 = Snoop.sln
		SccProjectName10 = TestHarnesses/DepthReducer
		SccLocalPath10 = TestHarnesses\\DepthReducer
		SccProjectUniqueName11 = TestHarnesses\\BasicTestHarness\\BasicTestHarness.csproj
		SccProjectTopLevelParentUniqueName11 = Snoop.sln
		SccProjectName11 = TestHarnesses/BasicTestHarness
		SccLocalPath11 = TestHarnesses\\BasicTestHarness
		SccProjectUniqueName12 = TestHarnesses\\NoMainWindowForApp\\NoMainWindowForApp.csproj
		SccProjectTopLevelParentUniqueName12 = Snoop.sln
		SccProjectName12 = TestHarnesses/NoMainWindowForApp
		SccLocalPath12 = TestHarnesses\\NoMainWindowForApp
	EndGlobalSection
	GlobalSection(SolutionConfigurationPlatforms) = preSolution
		Debug|Any CPU = Debug|Any CPU
		Debug|x64 = Debug|x64
		Debug|x86 = Debug|x86
		Release|Any CPU = Release|Any CPU
		Release|x64 = Release|x64
		Release|x86 = Release|x86
	EndGlobalSection
	GlobalSection(ProjectConfigurationPlatforms) = postSolution
		{6ADE40E1-7624-475C-80C5-9883AA4712EF}.Debug|Any CPU.ActiveCfg = Debug|Any CPU
		{6ADE40E1-7624-475C-80C5-9883AA4712EF}.Debug|Any CPU.Build.0 = Debug|Any CPU
		{6ADE40E1-7624-475C-80C5-9883AA4712EF}.Debug|x64.ActiveCfg = Debug|x64
		{6ADE40E1-7624-475C-80C5-9883AA4712EF}.Debug|x64.Build.0 = Debug|x64
		{6ADE40E1-7624-475C-80C5-9883AA4712EF}.Debug|x86.ActiveCfg = Debug|x86
		{6ADE40E1-7624-475C-80C5-9883AA4712EF}.Debug|x86.Build.0 = Debug|x86
		{6ADE40E1-7624-475C-80C5-9883AA4712EF}.Release|Any CPU.ActiveCfg = Release|Any CPU
		{6ADE40E1-7624-475C-80C5-9883AA4712EF}.Release|Any CPU.Build.0 = Release|Any CPU
		{6ADE40E1-7624-475C-80C5-9883AA4712EF}.Release|x64.ActiveCfg = Release|x64
		{6ADE40E1-7624-475C-80C5-9883AA4712EF}.Release|x64.Build.0 = Release|x64
		{6ADE40E1-7624-475C-80C5-9883AA4712EF}.Release|x86.ActiveCfg = Release|x86
		{6ADE40E1-7624-475C-80C5-9883AA4712EF}.Release|x86.Build.0 = Release|x86
		{C29817A9-3696-421D-89BD-F66681657C37}.Debug|Any CPU.ActiveCfg = Debug|Win32
		{C29817A9-3696-421D-89BD-F66681657C37}.Debug|x64.ActiveCfg = Debug|x64
		{C29817A9-3696-421D-89BD-F66681657C37}.Debug|x64.Build.0 = Debug|x64
		{C29817A9-3696-421D-89BD-F66681657C37}.Debug|x86.ActiveCfg = Debug|Win32
		{C29817A9-3696-421D-89BD-F66681657C37}.Debug|x86.Build.0 = Debug|Win32
		{C29817A9-3696-421D-89BD-F66681657C37}.Release|Any CPU.ActiveCfg = Release|Win32
		{C29817A9-3696-421D-89BD-F66681657C37}.Release|x64.ActiveCfg = Release|x64
		{C29817A9-3696-421D-89BD-F66681657C37}.Release|x64.Build.0 = Release|x64
		{C29817A9-3696-421D-89BD-F66681657C37}.Release|x86.ActiveCfg = Release|Win32
		{C29817A9-3696-421D-89BD-F66681657C37}.Release|x86.Build.0 = Release|Win32
		{A2B1B889-F28D-4BC3-B1B3-3EF3A325E05B}.Debug|Any CPU.ActiveCfg = Debug
		{A2B1B889-F28D-4BC3-B1B3-3EF3A325E05B}.Debug|x64.ActiveCfg = Debug
		{A2B1B889-F28D-4BC3-B1B3-3EF3A325E05B}.Debug|x86.ActiveCfg = Debug
		{A2B1B889-F28D-4BC3-B1B3-3EF3A325E05B}.Release|Any CPU.ActiveCfg = Release
		{A2B1B889-F28D-4BC3-B1B3-3EF3A325E05B}.Release|x64.ActiveCfg = Release
		{A2B1B889-F28D-4BC3-B1B3-3EF3A325E05B}.Release|x86.ActiveCfg = Release
		{A2B1B889-F28D-4BC3-B1B3-3EF3A325E05B}.Release|x86.Build.0 = Release
		{4DC27FBE-532D-420A-BA80-53ADA37635BE}.Debug|Any CPU.ActiveCfg = Debug
		{4DC27FBE-532D-420A-BA80-53ADA37635BE}.Debug|x64.ActiveCfg = Debug
		{4DC27FBE-532D-420A-BA80-53ADA37635BE}.Debug|x86.ActiveCfg = Debug
		{4DC27FBE-532D-420A-BA80-53ADA37635BE}.Release|Any CPU.ActiveCfg = Release
		{4DC27FBE-532D-420A-BA80-53ADA37635BE}.Release|x64.ActiveCfg = Release
		{4DC27FBE-532D-420A-BA80-53ADA37635BE}.Release|x64.Build.0 = Release
		{4DC27FBE-532D-420A-BA80-53ADA37635BE}.Release|x86.ActiveCfg = Release
		{65E7541A-B1A7-4C90-8EDF-022CB9B800DE}.Debug|Any CPU.ActiveCfg = Debug|Any CPU
		{65E7541A-B1A7-4C90-8EDF-022CB9B800DE}.Debug|Any CPU.Build.0 = Debug|Any CPU
		{65E7541A-B1A7-4C90-8EDF-022CB9B800DE}.Debug|x64.ActiveCfg = Debug|x64
		{65E7541A-B1A7-4C90-8EDF-022CB9B800DE}.Debug|x64.Build.0 = Debug|x64
		{65E7541A-B1A7-4C90-8EDF-022CB9B800DE}.Debug|x86.ActiveCfg = Debug|x86
		{65E7541A-B1A7-4C90-8EDF-022CB9B800DE}.Debug|x86.Build.0 = Debug|x86
		{65E7541A-B1A7-4C90-8EDF-022CB9B800DE}.Release|Any CPU.ActiveCfg = Release|Any CPU
		{65E7541A-B1A7-4C90-8EDF-022CB9B800DE}.Release|Any CPU.Build.0 = Release|Any CPU
		{65E7541A-B1A7-4C90-8EDF-022CB9B800DE}.Release|x64.ActiveCfg = Release|x64
		{65E7541A-B1A7-4C90-8EDF-022CB9B800DE}.Release|x86.ActiveCfg = Release|x86
		{4B964EFB-099E-4C53-99CA-A779AA57477E}.Debug|Any CPU.ActiveCfg = Debug|Any CPU
		{4B964EFB-099E-4C53-99CA-A779AA57477E}.Debug|Any CPU.Build.0 = Debug|Any CPU
		{4B964EFB-099E-4C53-99CA-A779AA57477E}.Debug|x64.ActiveCfg = Debug|x64
		{4B964EFB-099E-4C53-99CA-A779AA57477E}.Debug|x64.Build.0 = Debug|x64
		{4B964EFB-099E-4C53-99CA-A779AA57477E}.Debug|x86.ActiveCfg = Debug|x86
		{4B964EFB-099E-4C53-99CA-A779AA57477E}.Debug|x86.Build.0 = Debug|x86
		{4B964EFB-099E-4C53-99CA-A779AA57477E}.Release|Any CPU.ActiveCfg = Release|Any CPU
		{4B964EFB-099E-4C53-99CA-A779AA57477E}.Release|Any CPU.Build.0 = Release|Any CPU
		{4B964EFB-099E-4C53-99CA-A779AA57477E}.Release|x64.ActiveCfg = Release|x64
		{4B964EFB-099E-4C53-99CA-A779AA57477E}.Release|x86.ActiveCfg = Release|x86
		{5B73FBB9-BA20-4ED7-BA54-52C49EE37C00}.Debug|Any CPU.ActiveCfg = Debug|Any CPU
		{5B73FBB9-BA20-4ED7-BA54-52C49EE37C00}.Debug|Any CPU.Build.0 = Debug|Any CPU
		{5B73FBB9-BA20-4ED7-BA54-52C49EE37C00}.Debug|x64.ActiveCfg = Debug|x64
		{5B73FBB9-BA20-4ED7-BA54-52C49EE37C00}.Debug|x64.Build.0 = Debug|x64
		{5B73FBB9-BA20-4ED7-BA54-52C49EE37C00}.Debug|x86.ActiveCfg = Debug|x86
		{5B73FBB9-BA20-4ED7-BA54-52C49EE37C00}.Debug|x86.Build.0 = Debug|x86
		{5B73FBB9-BA20-4ED7-BA54-52C49EE37C00}.Release|Any CPU.ActiveCfg = Release|Any CPU
		{5B73FBB9-BA20-4ED7-BA54-52C49EE37C00}.Release|Any CPU.Build.0 = Release|Any CPU
		{5B73FBB9-BA20-4ED7-BA54-52C49EE37C00}.Release|x64.ActiveCfg = Release|x64
		{5B73FBB9-BA20-4ED7-BA54-52C49EE37C00}.Release|x86.ActiveCfg = Release|x86
		{8625A303-646D-4D87-BC14-29CD4D079CD9}.Debug|Any CPU.ActiveCfg = Debug|Win32
		{8625A303-646D-4D87-BC14-29CD4D079CD9}.Debug|x64.ActiveCfg = Debug|x64
		{8625A303-646D-4D87-BC14-29CD4D079CD9}.Debug|x64.Build.0 = Debug|x64
		{8625A303-646D-4D87-BC14-29CD4D079CD9}.Debug|x86.ActiveCfg = Debug|Win32
		{8625A303-646D-4D87-BC14-29CD4D079CD9}.Debug|x86.Build.0 = Debug|Win32
		{8625A303-646D-4D87-BC14-29CD4D079CD9}.Release|Any CPU.ActiveCfg = Release|Win32
		{8625A303-646D-4D87-BC14-29CD4D079CD9}.Release|x64.ActiveCfg = Release|x64
		{8625A303-646D-4D87-BC14-29CD4D079CD9}.Release|x86.ActiveCfg = Release|Win32
		{A447BFAE-E087-463A-ABAF-2C6F01CB775E}.Debug|Any CPU.ActiveCfg = Debug|Any CPU
		{A447BFAE-E087-463A-ABAF-2C6F01CB775E}.Debug|Any CPU.Build.0 = Debug|Any CPU
		{A447BFAE-E087-463A-ABAF-2C6F01CB775E}.Debug|x64.ActiveCfg = Debug|x64
		{A447BFAE-E087-463A-ABAF-2C6F01CB775E}.Debug|x64.Build.0 = Debug|x64
		{A447BFAE-E087-463A-ABAF-2C6F01CB775E}.Debug|x86.ActiveCfg = Debug|x86
		{A447BFAE-E087-463A-ABAF-2C6F01CB775E}.Debug|x86.Build.0 = Debug|x86
		{A447BFAE-E087-463A-ABAF-2C6F01CB775E}.Release|Any CPU.ActiveCfg = Release|Any CPU
		{A447BFAE-E087-463A-ABAF-2C6F01CB775E}.Release|Any CPU.Build.0 = Release|Any CPU
		{A447BFAE-E087-463A-ABAF-2C6F01CB775E}.Release|x64.ActiveCfg = Release|x64
		{A447BFAE-E087-463A-ABAF-2C6F01CB775E}.Release|x86.ActiveCfg = Release|x86
		{AB81D171-A776-42F4-83C5-20ADB4927FA2}.Debug|Any CPU.ActiveCfg = Debug|Any CPU
		{AB81D171-A776-42F4-83C5-20ADB4927FA2}.Debug|Any CPU.Build.0 = Debug|Any CPU
		{AB81D171-A776-42F4-83C5-20ADB4927FA2}.Debug|x64.ActiveCfg = Debug|x64
		{AB81D171-A776-42F4-83C5-20ADB4927FA2}.Debug|x64.Build.0 = Debug|x64
		{AB81D171-A776-42F4-83C5-20ADB4927FA2}.Debug|x86.ActiveCfg = Debug|x86
		{AB81D171-A776-42F4-83C5-20ADB4927FA2}.Debug|x86.Build.0 = Debug|x86
		{AB81D171-A776-42F4-83C5-20ADB4927FA2}.Release|Any CPU.ActiveCfg = Release|Any CPU
		{AB81D171-A776-42F4-83C5-20ADB4927FA2}.Release|Any CPU.Build.0 = Release|Any CPU
		{AB81D171-A776-42F4-83C5-20ADB4927FA2}.Release|x64.ActiveCfg = Release|x64
		{AB81D171-A776-42F4-83C5-20ADB4927FA2}.Release|x86.ActiveCfg = Release|x86
		{64812FFE-93C4-4E74-8EAF-ECE82C7331FA}.Debug|Any CPU.ActiveCfg = Debug|Any CPU
		{64812FFE-93C4-4E74-8EAF-ECE82C7331FA}.Debug|Any CPU.Build.0 = Debug|Any CPU
		{64812FFE-93C4-4E74-8EAF-ECE82C7331FA}.Debug|x64.ActiveCfg = Debug|x64
		{64812FFE-93C4-4E74-8EAF-ECE82C7331FA}.Debug|x64.Build.0 = Debug|x64
		{64812FFE-93C4-4E74-8EAF-ECE82C7331FA}.Debug|x86.ActiveCfg = Debug|x86
		{64812FFE-93C4-4E74-8EAF-ECE82C7331FA}.Debug|x86.Build.0 = Debug|x86
		{64812FFE-93C4-4E74-8EAF-ECE82C7331FA}.Release|Any CPU.ActiveCfg = Release|Any CPU
		{64812FFE-93C4-4E74-8EAF-ECE82C7331FA}.Release|Any CPU.Build.0 = Release|Any CPU
		{64812FFE-93C4-4E74-8EAF-ECE82C7331FA}.Release|x64.ActiveCfg = Release|x64
		{64812FFE-93C4-4E74-8EAF-ECE82C7331FA}.Release|x86.ActiveCfg = Release|x86
		{3B32E230-F7D5-4D71-AE9C-680800359EC0}.Debug|Any CPU.ActiveCfg = Debug|Any CPU
		{3B32E230-F7D5-4D71-AE9C-680800359EC0}.Debug|Any CPU.Build.0 = Debug|Any CPU
		{3B32E230-F7D5-4D71-AE9C-680800359EC0}.Debug|x64.ActiveCfg = Debug|x64
		{3B32E230-F7D5-4D71-AE9C-680800359EC0}.Debug|x64.Build.0 = Debug|x64
		{3B32E230-F7D5-4D71-AE9C-680800359EC0}.Debug|x86.ActiveCfg = Debug|x86
		{3B32E230-F7D5-4D71-AE9C-680800359EC0}.Debug|x86.Build.0 = Debug|x86
		{3B32E230-F7D5-4D71-AE9C-680800359EC0}.Release|Any CPU.ActiveCfg = Release|Any CPU
		{3B32E230-F7D5-4D71-AE9C-680800359EC0}.Release|Any CPU.Build.0 = Release|Any CPU
		{3B32E230-F7D5-4D71-AE9C-680800359EC0}.Release|x64.ActiveCfg = Release|x64
		{3B32E230-F7D5-4D71-AE9C-680800359EC0}.Release|x86.ActiveCfg = Release|x86
	EndGlobalSection
	GlobalSection(SolutionProperties) = preSolution
		HideSolutionNode = FALSE
	EndGlobalSection
	GlobalSection(NestedProjects) = preSolution
		{65E7541A-B1A7-4C90-8EDF-022CB9B800DE} = {4EAA2216-FEF3-4AD8-800E-751117636D6F}
		{4B964EFB-099E-4C53-99CA-A779AA57477E} = {4EAA2216-FEF3-4AD8-800E-751117636D6F}
		{5B73FBB9-BA20-4ED7-BA54-52C49EE37C00} = {4EAA2216-FEF3-4AD8-800E-751117636D6F}
		{BD5BAB06-EF80-4A66-953E-826FD369044A} = {4EAA2216-FEF3-4AD8-800E-751117636D6F}
		{AB81D171-A776-42F4-83C5-20ADB4927FA2} = {4EAA2216-FEF3-4AD8-800E-751117636D6F}
		{64812FFE-93C4-4E74-8EAF-ECE82C7331FA} = {4EAA2216-FEF3-4AD8-800E-751117636D6F}
		{3B32E230-F7D5-4D71-AE9C-680800359EC0} = {4EAA2216-FEF3-4AD8-800E-751117636D6F}
		{8625A303-646D-4D87-BC14-29CD4D079CD9} = {BD5BAB06-EF80-4A66-953E-826FD369044A}
		{A447BFAE-E087-463A-ABAF-2C6F01CB775E} = {BD5BAB06-EF80-4A66-953E-826FD369044A}
	EndGlobalSection
EndGlobal
