
Microsoft Visual Studio Solution File, Format Version 10.00
# Visual Studio 2008
Project("{FAE04EC0-301F-11D3-BF4B-00C04F79EFBC}") = "Snoop", "Snoop\Snoop.csproj", "{6ADE40E1-7624-475C-80C5-9883AA4712EF}"
EndProject
Project("{8BC9CEB8-8B4A-11D0-8D11-00A0C91BC942}") = "ManagedInjector", "ManagedInjector\ManagedInjector.vcproj", "{C29817A9-3696-421D-89BD-F66681657C37}"
EndProject
Project("{54435603-DBB4-11D2-8724-00A0C9A8B90C}") = "Installer", "Installer\Installer.vdproj", "{A2B1B889-F28D-4BC3-B1B3-3EF3A325E05B}"
EndProject
Global
	GlobalSection(TeamFoundationVersionControl) = preSolution
		SccNumberOfProjects = 4
		SccEnterpriseProvider = {4CA58AB2-18FA-4F8D-95D4-32DDF27D184C}
		SccTeamFoundationServer = https://tfs09.codeplex.com/
		SccLocalPath0 = .
		SccProjectUniqueName1 = Installer\\Installer.vdproj
		SccProjectName1 = Installer
		SccLocalPath1 = Installer
		SccProjectUniqueName2 = ManagedInjector\\ManagedInjector.vcproj
		SccProjectName2 = ManagedInjector
		SccLocalPath2 = ManagedInjector
		SccProjectUniqueName3 = Snoop\\Snoop.csproj
		SccProjectName3 = Snoop
		SccLocalPath3 = Snoop
	EndGlobalSection
	GlobalSection(SolutionConfigurationPlatforms) = preSolution
		Debug|Any CPU = Debug|Any CPU
		Debug|Mixed Platforms = Debug|Mixed Platforms
		Debug|Win32 = Debug|Win32
		Release|Any CPU = Release|Any CPU
		Release|Mixed Platforms = Release|Mixed Platforms
		Release|Win32 = Release|Win32
	EndGlobalSection
	GlobalSection(ProjectConfigurationPlatforms) = postSolution
		{6ADE40E1-7624-475C-80C5-9883AA4712EF}.Debug|Any CPU.ActiveCfg = Debug|Any CPU
		{6ADE40E1-7624-475C-80C5-9883AA4712EF}.Debug|Any CPU.Build.0 = Debug|Any CPU
		{6ADE40E1-7624-475C-80C5-9883AA4712EF}.Debug|Mixed Platforms.ActiveCfg = Debug|Any CPU
		{6ADE40E1-7624-475C-80C5-9883AA4712EF}.Debug|Mixed Platforms.Build.0 = Debug|Any CPU
		{6ADE40E1-7624-475C-80C5-9883AA4712EF}.Debug|Win32.ActiveCfg = Debug|Any CPU
		{6ADE40E1-7624-475C-80C5-9883AA4712EF}.Release|Any CPU.ActiveCfg = Release|Any CPU
		{6ADE40E1-7624-475C-80C5-9883AA4712EF}.Release|Any CPU.Build.0 = Release|Any CPU
		{6ADE40E1-7624-475C-80C5-9883AA4712EF}.Release|Mixed Platforms.ActiveCfg = Release|Any CPU
		{6ADE40E1-7624-475C-80C5-9883AA4712EF}.Release|Mixed Platforms.Build.0 = Release|Any CPU
		{6ADE40E1-7624-475C-80C5-9883AA4712EF}.Release|Win32.ActiveCfg = Release|Any CPU
		{C29817A9-3696-421D-89BD-F66681657C37}.Debug|Any CPU.ActiveCfg = Debug|Win32
		{C29817A9-3696-421D-89BD-F66681657C37}.Debug|Mixed Platforms.ActiveCfg = Debug|Win32
		{C29817A9-3696-421D-89BD-F66681657C37}.Debug|Mixed Platforms.Build.0 = Debug|Win32
		{C29817A9-3696-421D-89BD-F66681657C37}.Debug|Win32.ActiveCfg = Debug|Win32
		{C29817A9-3696-421D-89BD-F66681657C37}.Debug|Win32.Build.0 = Debug|Win32
		{C29817A9-3696-421D-89BD-F66681657C37}.Release|Any CPU.ActiveCfg = Release|Win32
		{C29817A9-3696-421D-89BD-F66681657C37}.Release|Mixed Platforms.ActiveCfg = Release|Win32
		{C29817A9-3696-421D-89BD-F66681657C37}.Release|Mixed Platforms.Build.0 = Release|Win32
		{C29817A9-3696-421D-89BD-F66681657C37}.Release|Win32.ActiveCfg = Release|Win32
		{C29817A9-3696-421D-89BD-F66681657C37}.Release|Win32.Build.0 = Release|Win32
		{A2B1B889-F28D-4BC3-B1B3-3EF3A325E05B}.Debug|Any CPU.ActiveCfg = Debug
		{A2B1B889-F28D-4BC3-B1B3-3EF3A325E05B}.Debug|Mixed Platforms.ActiveCfg = Debug
		{A2B1B889-F28D-4BC3-B1B3-3EF3A325E05B}.Debug|Win32.ActiveCfg = Debug
		{A2B1B889-F28D-4BC3-B1B3-3EF3A325E05B}.Release|Any CPU.ActiveCfg = Release
		{A2B1B889-F28D-4BC3-B1B3-3EF3A325E05B}.Release|Mixed Platforms.ActiveCfg = Release
		{A2B1B889-F28D-4BC3-B1B3-3EF3A325E05B}.Release|Win32.ActiveCfg = Release
	EndGlobalSection
	GlobalSection(SolutionProperties) = preSolution
		HideSolutionNode = FALSE
	EndGlobalSection
EndGlobal
