
Microsoft Visual Studio Solution File, Format Version 11.00
# Visual Studio 2010
Project("{FAE04EC0-301F-11D3-BF4B-00C04F79EFBC}") = "BasicTestHarness", "BasicTestHarness\BasicTestHarness.csproj", "{64812FFE-93C4-4E74-8EAF-ECE82C7331FA}"
EndProject
Project("{FAE04EC0-301F-11D3-BF4B-00C04F79EFBC}") = "DepthReducer", "DepthReducer\DepthReducer.csproj", "{AB81D171-A776-42F4-83C5-20ADB4927FA2}"
EndProject
Project("{FAE04EC0-301F-11D3-BF4B-00C04F79EFBC}") = "InvisibleOwnerWindowIssue", "InvisibleOwnerWindowIssue\InvisibleOwnerWindowIssue.csproj", "{4B964EFB-099E-4C53-99CA-A779AA57477E}"
EndProject
Project("{FAE04EC0-301F-11D3-BF4B-00C04F79EFBC}") = "NoMainWindowForApp", "NoMainWindowForApp\NoMainWindowForApp.csproj", "{3B32E230-F7D5-4D71-AE9C-680800359EC0}"
EndProject
Project("{FAE04EC0-301F-11D3-BF4B-00C04F79EFBC}") = "WhiteForegroundIssue", "WhiteForegroundIssue\WhiteForegroundIssue.csproj", "{65E7541A-B1A7-4C90-8EDF-022CB9B800DE}"
EndProject
Project("{FAE04EC0-301F-11D3-BF4B-00C04F79EFBC}") = "WindowsFormsToWPFInterop", "WindowsFormsToWPFInterop\WindowsFormsToWPFInterop.csproj", "{5B73FBB9-BA20-4ED7-BA54-52C49EE37C00}"
EndProject
Project("{2150E333-8FDC-42A3-9474-1A3956D46DE8}") = "Win32ToWPFInterop", "Win32ToWPFInterop", "{7628E8D4-96A6-4BED-AC77-4A3FBC7A29FF}"
EndProject
Project("{8BC9CEB8-8B4A-11D0-8D11-00A0C91BC942}") = "win32clock", "Win32ToWPFInterop\Win32Clock\win32clock.vcxproj", "{8625A303-646D-4D87-BC14-29CD4D079CD9}"
EndProject
Project("{FAE04EC0-301F-11D3-BF4B-00C04F79EFBC}") = "WpfClock", "Win32ToWPFInterop\WPFClock\WpfClock.csproj", "{A447BFAE-E087-463A-ABAF-2C6F01CB775E}"
EndProject
Project("{FAE04EC0-301F-11D3-BF4B-00C04F79EFBC}") = "ComboBoxTestHarness", "ComboBoxTestHarness\ComboBoxTestHarness.csproj", "{E0D80116-98D9-483D-B317-F328DD3E17D9}"
EndProject
Project("{FAE04EC0-301F-11D3-BF4B-00C04F79EFBC}") = "HelloWorld35", "HelloWorld35\HelloWorld35.csproj", "{180A7F0E-0E7D-4009-A8DA-39F86AE959EB}"
EndProject
Project("{FAE04EC0-301F-11D3-BF4B-00C04F79EFBC}") = "HelloWorld40", "HelloWorld40\HelloWorld40.csproj", "{688C7775-C219-4D81-A404-F520BE4BF458}"
EndProject
Project("{FAE04EC0-301F-11D3-BF4B-00C04F79EFBC}") = "AmbiguousMatchExceptionCrash", "AmbiguousMatchExceptionCrash\AmbiguousMatchExceptionCrash.csproj", "{C280DB67-E25F-478E-A6E9-9A107284E0E5}"
EndProject
Project("{FAE04EC0-301F-11D3-BF4B-00C04F79EFBC}") = "MultipleDispatchers", "MultipleDispatchers\MultipleDispatchers.csproj", "{A92DB0A3-A4EE-472F-AC1E-9C558B2B6DC4}"
EndProject
Global
	GlobalSection(SolutionConfigurationPlatforms) = preSolution
		Debug|x64 = Debug|x64
		Debug|x86 = Debug|x86
		Release|x64 = Release|x64
		Release|x86 = Release|x86
	EndGlobalSection
	GlobalSection(ProjectConfigurationPlatforms) = postSolution
		{64812FFE-93C4-4E74-8EAF-ECE82C7331FA}.Debug|x64.ActiveCfg = Debug|x64
		{64812FFE-93C4-4E74-8EAF-ECE82C7331FA}.Debug|x64.Build.0 = Debug|x64
		{64812FFE-93C4-4E74-8EAF-ECE82C7331FA}.Debug|x86.ActiveCfg = Debug|x86
		{64812FFE-93C4-4E74-8EAF-ECE82C7331FA}.Debug|x86.Build.0 = Debug|x86
		{64812FFE-93C4-4E74-8EAF-ECE82C7331FA}.Release|x64.ActiveCfg = Release|x64
		{64812FFE-93C4-4E74-8EAF-ECE82C7331FA}.Release|x64.Build.0 = Release|x64
		{64812FFE-93C4-4E74-8EAF-ECE82C7331FA}.Release|x86.ActiveCfg = Release|x86
		{64812FFE-93C4-4E74-8EAF-ECE82C7331FA}.Release|x86.Build.0 = Release|x86
		{AB81D171-A776-42F4-83C5-20ADB4927FA2}.Debug|x64.ActiveCfg = Debug|x64
		{AB81D171-A776-42F4-83C5-20ADB4927FA2}.Debug|x64.Build.0 = Debug|x64
		{AB81D171-A776-42F4-83C5-20ADB4927FA2}.Debug|x86.ActiveCfg = Debug|x86
		{AB81D171-A776-42F4-83C5-20ADB4927FA2}.Debug|x86.Build.0 = Debug|x86
		{AB81D171-A776-42F4-83C5-20ADB4927FA2}.Release|x64.ActiveCfg = Release|x64
		{AB81D171-A776-42F4-83C5-20ADB4927FA2}.Release|x64.Build.0 = Release|x64
		{AB81D171-A776-42F4-83C5-20ADB4927FA2}.Release|x86.ActiveCfg = Release|x86
		{AB81D171-A776-42F4-83C5-20ADB4927FA2}.Release|x86.Build.0 = Release|x86
		{4B964EFB-099E-4C53-99CA-A779AA57477E}.Debug|x64.ActiveCfg = Debug|x64
		{4B964EFB-099E-4C53-99CA-A779AA57477E}.Debug|x64.Build.0 = Debug|x64
		{4B964EFB-099E-4C53-99CA-A779AA57477E}.Debug|x86.ActiveCfg = Debug|x86
		{4B964EFB-099E-4C53-99CA-A779AA57477E}.Debug|x86.Build.0 = Debug|x86
		{4B964EFB-099E-4C53-99CA-A779AA57477E}.Release|x64.ActiveCfg = Release|x64
		{4B964EFB-099E-4C53-99CA-A779AA57477E}.Release|x64.Build.0 = Release|x64
		{4B964EFB-099E-4C53-99CA-A779AA57477E}.Release|x86.ActiveCfg = Release|x86
		{4B964EFB-099E-4C53-99CA-A779AA57477E}.Release|x86.Build.0 = Release|x86
		{3B32E230-F7D5-4D71-AE9C-680800359EC0}.Debug|x64.ActiveCfg = Debug|x64
		{3B32E230-F7D5-4D71-AE9C-680800359EC0}.Debug|x64.Build.0 = Debug|x64
		{3B32E230-F7D5-4D71-AE9C-680800359EC0}.Debug|x86.ActiveCfg = Debug|x86
		{3B32E230-F7D5-4D71-AE9C-680800359EC0}.Debug|x86.Build.0 = Debug|x86
		{3B32E230-F7D5-4D71-AE9C-680800359EC0}.Release|x64.ActiveCfg = Release|x64
		{3B32E230-F7D5-4D71-AE9C-680800359EC0}.Release|x64.Build.0 = Release|x64
		{3B32E230-F7D5-4D71-AE9C-680800359EC0}.Release|x86.ActiveCfg = Release|x86
		{3B32E230-F7D5-4D71-AE9C-680800359EC0}.Release|x86.Build.0 = Release|x86
		{65E7541A-B1A7-4C90-8EDF-022CB9B800DE}.Debug|x64.ActiveCfg = Debug|x64
		{65E7541A-B1A7-4C90-8EDF-022CB9B800DE}.Debug|x64.Build.0 = Debug|x64
		{65E7541A-B1A7-4C90-8EDF-022CB9B800DE}.Debug|x86.ActiveCfg = Debug|x86
		{65E7541A-B1A7-4C90-8EDF-022CB9B800DE}.Debug|x86.Build.0 = Debug|x86
		{65E7541A-B1A7-4C90-8EDF-022CB9B800DE}.Release|x64.ActiveCfg = Release|x64
		{65E7541A-B1A7-4C90-8EDF-022CB9B800DE}.Release|x64.Build.0 = Release|x64
		{65E7541A-B1A7-4C90-8EDF-022CB9B800DE}.Release|x86.ActiveCfg = Release|x86
		{65E7541A-B1A7-4C90-8EDF-022CB9B800DE}.Release|x86.Build.0 = Release|x86
		{5B73FBB9-BA20-4ED7-BA54-52C49EE37C00}.Debug|x64.ActiveCfg = Debug|x64
		{5B73FBB9-BA20-4ED7-BA54-52C49EE37C00}.Debug|x64.Build.0 = Debug|x64
		{5B73FBB9-BA20-4ED7-BA54-52C49EE37C00}.Debug|x86.ActiveCfg = Debug|x86
		{5B73FBB9-BA20-4ED7-BA54-52C49EE37C00}.Debug|x86.Build.0 = Debug|x86
		{5B73FBB9-BA20-4ED7-BA54-52C49EE37C00}.Release|x64.ActiveCfg = Release|x64
		{5B73FBB9-BA20-4ED7-BA54-52C49EE37C00}.Release|x64.Build.0 = Release|x64
		{5B73FBB9-BA20-4ED7-BA54-52C49EE37C00}.Release|x86.ActiveCfg = Release|x86
		{5B73FBB9-BA20-4ED7-BA54-52C49EE37C00}.Release|x86.Build.0 = Release|x86
		{8625A303-646D-4D87-BC14-29CD4D079CD9}.Debug|x64.ActiveCfg = Debug|x64
		{8625A303-646D-4D87-BC14-29CD4D079CD9}.Debug|x64.Build.0 = Debug|x64
		{8625A303-646D-4D87-BC14-29CD4D079CD9}.Debug|x86.ActiveCfg = Debug|Win32
		{8625A303-646D-4D87-BC14-29CD4D079CD9}.Debug|x86.Build.0 = Debug|Win32
		{8625A303-646D-4D87-BC14-29CD4D079CD9}.Release|x64.ActiveCfg = Release|x64
		{8625A303-646D-4D87-BC14-29CD4D079CD9}.Release|x64.Build.0 = Release|x64
		{8625A303-646D-4D87-BC14-29CD4D079CD9}.Release|x86.ActiveCfg = Release|Win32
		{8625A303-646D-4D87-BC14-29CD4D079CD9}.Release|x86.Build.0 = Release|Win32
		{A447BFAE-E087-463A-ABAF-2C6F01CB775E}.Debug|x64.ActiveCfg = Debug|x64
		{A447BFAE-E087-463A-ABAF-2C6F01CB775E}.Debug|x64.Build.0 = Debug|x64
		{A447BFAE-E087-463A-ABAF-2C6F01CB775E}.Debug|x86.ActiveCfg = Debug|x86
		{A447BFAE-E087-463A-ABAF-2C6F01CB775E}.Debug|x86.Build.0 = Debug|x86
		{A447BFAE-E087-463A-ABAF-2C6F01CB775E}.Release|x64.ActiveCfg = Release|x64
		{A447BFAE-E087-463A-ABAF-2C6F01CB775E}.Release|x64.Build.0 = Release|x64
		{A447BFAE-E087-463A-ABAF-2C6F01CB775E}.Release|x86.ActiveCfg = Release|x86
		{A447BFAE-E087-463A-ABAF-2C6F01CB775E}.Release|x86.Build.0 = Release|x86
		{E0D80116-98D9-483D-B317-F328DD3E17D9}.Debug|x64.ActiveCfg = Debug|x64
		{E0D80116-98D9-483D-B317-F328DD3E17D9}.Debug|x64.Build.0 = Debug|x64
		{E0D80116-98D9-483D-B317-F328DD3E17D9}.Debug|x86.ActiveCfg = Debug|x86
		{E0D80116-98D9-483D-B317-F328DD3E17D9}.Debug|x86.Build.0 = Debug|x86
		{E0D80116-98D9-483D-B317-F328DD3E17D9}.Release|x64.ActiveCfg = Release|x64
		{E0D80116-98D9-483D-B317-F328DD3E17D9}.Release|x64.Build.0 = Release|x64
		{E0D80116-98D9-483D-B317-F328DD3E17D9}.Release|x86.ActiveCfg = Release|x86
		{E0D80116-98D9-483D-B317-F328DD3E17D9}.Release|x86.Build.0 = Release|x86
		{180A7F0E-0E7D-4009-A8DA-39F86AE959EB}.Debug|x64.ActiveCfg = Debug|x64
		{180A7F0E-0E7D-4009-A8DA-39F86AE959EB}.Debug|x64.Build.0 = Debug|x64
		{180A7F0E-0E7D-4009-A8DA-39F86AE959EB}.Debug|x86.ActiveCfg = Debug|x86
		{180A7F0E-0E7D-4009-A8DA-39F86AE959EB}.Debug|x86.Build.0 = Debug|x86
		{180A7F0E-0E7D-4009-A8DA-39F86AE959EB}.Release|x64.ActiveCfg = Release|x64
		{180A7F0E-0E7D-4009-A8DA-39F86AE959EB}.Release|x64.Build.0 = Release|x64
		{180A7F0E-0E7D-4009-A8DA-39F86AE959EB}.Release|x86.ActiveCfg = Release|x86
		{180A7F0E-0E7D-4009-A8DA-39F86AE959EB}.Release|x86.Build.0 = Release|x86
		{688C7775-C219-4D81-A404-F520BE4BF458}.Debug|x64.ActiveCfg = Debug|x64
		{688C7775-C219-4D81-A404-F520BE4BF458}.Debug|x64.Build.0 = Debug|x64
		{688C7775-C219-4D81-A404-F520BE4BF458}.Debug|x86.ActiveCfg = Debug|x86
		{688C7775-C219-4D81-A404-F520BE4BF458}.Debug|x86.Build.0 = Debug|x86
		{688C7775-C219-4D81-A404-F520BE4BF458}.Release|x64.ActiveCfg = Release|x64
		{688C7775-C219-4D81-A404-F520BE4BF458}.Release|x64.Build.0 = Release|x64
		{688C7775-C219-4D81-A404-F520BE4BF458}.Release|x86.ActiveCfg = Release|x86
		{688C7775-C219-4D81-A404-F520BE4BF458}.Release|x86.Build.0 = Release|x86
		{C280DB67-E25F-478E-A6E9-9A107284E0E5}.Debug|x64.ActiveCfg = Debug|x64
		{C280DB67-E25F-478E-A6E9-9A107284E0E5}.Debug|x64.Build.0 = Debug|x64
		{C280DB67-E25F-478E-A6E9-9A107284E0E5}.Debug|x86.ActiveCfg = Debug|x86
		{C280DB67-E25F-478E-A6E9-9A107284E0E5}.Debug|x86.Build.0 = Debug|x86
		{C280DB67-E25F-478E-A6E9-9A107284E0E5}.Release|x64.ActiveCfg = Release|x64
		{C280DB67-E25F-478E-A6E9-9A107284E0E5}.Release|x64.Build.0 = Release|x64
		{C280DB67-E25F-478E-A6E9-9A107284E0E5}.Release|x86.ActiveCfg = Release|x86
		{C280DB67-E25F-478E-A6E9-9A107284E0E5}.Release|x86.Build.0 = Release|x86
		{A92DB0A3-A4EE-472F-AC1E-9C558B2B6DC4}.Debug|x64.ActiveCfg = Debug|x64
		{A92DB0A3-A4EE-472F-AC1E-9C558B2B6DC4}.Debug|x64.Build.0 = Debug|x64
		{A92DB0A3-A4EE-472F-AC1E-9C558B2B6DC4}.Debug|x86.ActiveCfg = Debug|x86
		{A92DB0A3-A4EE-472F-AC1E-9C558B2B6DC4}.Debug|x86.Build.0 = Debug|x86
		{A92DB0A3-A4EE-472F-AC1E-9C558B2B6DC4}.Release|x64.ActiveCfg = Release|x64
		{A92DB0A3-A4EE-472F-AC1E-9C558B2B6DC4}.Release|x64.Build.0 = Release|x64
		{A92DB0A3-A4EE-472F-AC1E-9C558B2B6DC4}.Release|x86.ActiveCfg = Release|x86
		{A92DB0A3-A4EE-472F-AC1E-9C558B2B6DC4}.Release|x86.Build.0 = Release|x86
	EndGlobalSection
	GlobalSection(SolutionProperties) = preSolution
		HideSolutionNode = FALSE
	EndGlobalSection
	GlobalSection(NestedProjects) = preSolution
		{8625A303-646D-4D87-BC14-29CD4D079CD9} = {7628E8D4-96A6-4BED-AC77-4A3FBC7A29FF}
		{A447BFAE-E087-463A-ABAF-2C6F01CB775E} = {7628E8D4-96A6-4BED-AC77-4A3FBC7A29FF}
	EndGlobalSection
EndGlobal
